// !$*UTF8*$!
{
	archiveVersion = 1;
	classes = {
	};
	objectVersion = 50;
	objects = {

/* Begin PBXBuildFile section */
		EE2189DB268E9E17006D57B6 /* MPRunloopObserver.m in Sources */ = {isa = PBXBuildFile; fileRef = EE2189DA268E9E17006D57B6 /* MPRunloopObserver.m */; };
		EE5D71442662822000DC0FA6 /* AppDelegate.m in Sources */ = {isa = PBXBuildFile; fileRef = EE5D71432662822000DC0FA6 /* AppDelegate.m */; };
		EE5D71472662822000DC0FA6 /* SceneDelegate.m in Sources */ = {isa = PBXBuildFile; fileRef = EE5D71462662822000DC0FA6 /* SceneDelegate.m */; };
		EE5D714A2662822000DC0FA6 /* ViewController.m in Sources */ = {isa = PBXBuildFile; fileRef = EE5D71492662822000DC0FA6 /* ViewController.m */; };
		EE5D714D2662822000DC0FA6 /* Main.storyboard in Resources */ = {isa = PBXBuildFile; fileRef = EE5D714B2662822000DC0FA6 /* Main.storyboard */; };
		EE5D714F2662822000DC0FA6 /* Assets.xcassets in Resources */ = {isa = PBXBuildFile; fileRef = EE5D714E2662822000DC0FA6 /* Assets.xcassets */; };
		EE5D71522662822000DC0FA6 /* LaunchScreen.storyboard in Resources */ = {isa = PBXBuildFile; fileRef = EE5D71502662822000DC0FA6 /* LaunchScreen.storyboard */; };
		EE5D71552662822000DC0FA6 /* main.m in Sources */ = {isa = PBXBuildFile; fileRef = EE5D71542662822000DC0FA6 /* main.m */; };
		EEBE48EA2662894100732E0C /* MPThread.m in Sources */ = {isa = PBXBuildFile; fileRef = EEBE48E92662894100732E0C /* MPThread.m */; };
		EEE11683266324B30010107E /* MPLRSource.m in Sources */ = {isa = PBXBuildFile; fileRef = EEE11682266324B30010107E /* MPLRSource.m */; };
		EEE99292299E345B00E4A9A3 /* MPPerson.m in Sources */ = {isa = PBXBuildFile; fileRef = EEE99291299E345B00E4A9A3 /* MPPerson.m */; };
		EEE99295299FA92600E4A9A3 /* Block.m in Sources */ = {isa = PBXBuildFile; fileRef = EEE99294299FA92600E4A9A3 /* Block.m */; };
		EEE99298299FA95800E4A9A3 /* BaseItem.m in Sources */ = {isa = PBXBuildFile; fileRef = EEE99297299FA95800E4A9A3 /* BaseItem.m */; };
		EEE9929E29A727B000E4A9A3 /* Runloop.m in Sources */ = {isa = PBXBuildFile; fileRef = EEE9929D29A727B000E4A9A3 /* Runloop.m */; };
/* End PBXBuildFile section */

/* Begin PBXFileReference section */
		374660622BBBA84B005D9806 /* MyPlayground.playground */ = {isa = PBXFileReference; lastKnownFileType = file.playground; path = MyPlayground.playground; sourceTree = "<group>"; xcLanguageSpecificationIdentifier = xcode.lang.swift; };
		374661662BBBB2BB005D9806 /* plconvert.c */ = {isa = PBXFileReference; lastKnownFileType = sourcecode.c.c; path = plconvert.c; sourceTree = "<group>"; };
		374661682BBBB2BB005D9806 /* APPLE_LICENSE */ = {isa = PBXFileReference; lastKnownFileType = text; path = APPLE_LICENSE; sourceTree = "<group>"; };
		374661692BBBB2BB005D9806 /* CFApplicationPreferences.c */ = {isa = PBXFileReference; lastKnownFileType = sourcecode.c.c; path = CFApplicationPreferences.c; sourceTree = "<group>"; };
		3746616A2BBBB2BB005D9806 /* CFArray.c */ = {isa = PBXFileReference; lastKnownFileType = sourcecode.c.c; path = CFArray.c; sourceTree = "<group>"; };
		3746616B2BBBB2BB005D9806 /* CFArray.h */ = {isa = PBXFileReference; lastKnownFileType = sourcecode.c.h; path = CFArray.h; sourceTree = "<group>"; };
		3746616C2BBBB2BB005D9806 /* CFAvailability.h */ = {isa = PBXFileReference; lastKnownFileType = sourcecode.c.h; path = CFAvailability.h; sourceTree = "<group>"; };
		3746616D2BBBB2BB005D9806 /* CFBag.c */ = {isa = PBXFileReference; lastKnownFileType = sourcecode.c.c; path = CFBag.c; sourceTree = "<group>"; };
		3746616E2BBBB2BB005D9806 /* CFBag.h */ = {isa = PBXFileReference; lastKnownFileType = sourcecode.c.h; path = CFBag.h; sourceTree = "<group>"; };
		3746616F2BBBB2BB005D9806 /* CFBase.c */ = {isa = PBXFileReference; lastKnownFileType = sourcecode.c.c; path = CFBase.c; sourceTree = "<group>"; };
		374661702BBBB2BB005D9806 /* CFBase.h */ = {isa = PBXFileReference; lastKnownFileType = sourcecode.c.h; path = CFBase.h; sourceTree = "<group>"; };
		374661712BBBB2BB005D9806 /* CFBasicHash.c */ = {isa = PBXFileReference; lastKnownFileType = sourcecode.c.c; path = CFBasicHash.c; sourceTree = "<group>"; };
		374661722BBBB2BB005D9806 /* CFBasicHash.h */ = {isa = PBXFileReference; lastKnownFileType = sourcecode.c.h; path = CFBasicHash.h; sourceTree = "<group>"; };
		374661732BBBB2BB005D9806 /* CFBasicHashFindBucket.m */ = {isa = PBXFileReference; lastKnownFileType = sourcecode.c.objc; path = CFBasicHashFindBucket.m; sourceTree = "<group>"; };
		374661742BBBB2BB005D9806 /* CFBigNumber.c */ = {isa = PBXFileReference; lastKnownFileType = sourcecode.c.c; path = CFBigNumber.c; sourceTree = "<group>"; };
		374661752BBBB2BB005D9806 /* CFBigNumber.h */ = {isa = PBXFileReference; lastKnownFileType = sourcecode.c.h; path = CFBigNumber.h; sourceTree = "<group>"; };
		374661762BBBB2BB005D9806 /* CFBinaryHeap.c */ = {isa = PBXFileReference; lastKnownFileType = sourcecode.c.c; path = CFBinaryHeap.c; sourceTree = "<group>"; };
		374661772BBBB2BB005D9806 /* CFBinaryHeap.h */ = {isa = PBXFileReference; lastKnownFileType = sourcecode.c.h; path = CFBinaryHeap.h; sourceTree = "<group>"; };
		374661782BBBB2BB005D9806 /* CFBinaryPList.c */ = {isa = PBXFileReference; lastKnownFileType = sourcecode.c.c; path = CFBinaryPList.c; sourceTree = "<group>"; };
		374661792BBBB2BB005D9806 /* CFBitVector.c */ = {isa = PBXFileReference; lastKnownFileType = sourcecode.c.c; path = CFBitVector.c; sourceTree = "<group>"; };
		3746617A2BBBB2BB005D9806 /* CFBitVector.h */ = {isa = PBXFileReference; lastKnownFileType = sourcecode.c.h; path = CFBitVector.h; sourceTree = "<group>"; };
		3746617B2BBBB2BB005D9806 /* CFBuiltinConverters.c */ = {isa = PBXFileReference; lastKnownFileType = sourcecode.c.c; path = CFBuiltinConverters.c; sourceTree = "<group>"; };
		3746617C2BBBB2BB005D9806 /* CFBundle_Binary.c */ = {isa = PBXFileReference; lastKnownFileType = sourcecode.c.c; path = CFBundle_Binary.c; sourceTree = "<group>"; };
		3746617D2BBBB2BB005D9806 /* CFBundle_BinaryTypes.h */ = {isa = PBXFileReference; lastKnownFileType = sourcecode.c.h; path = CFBundle_BinaryTypes.h; sourceTree = "<group>"; };
		3746617E2BBBB2BB005D9806 /* CFBundle_Grok.c */ = {isa = PBXFileReference; lastKnownFileType = sourcecode.c.c; path = CFBundle_Grok.c; sourceTree = "<group>"; };
		3746617F2BBBB2BB005D9806 /* CFBundle_InfoPlist.c */ = {isa = PBXFileReference; lastKnownFileType = sourcecode.c.c; path = CFBundle_InfoPlist.c; sourceTree = "<group>"; };
		374661802BBBB2BB005D9806 /* CFBundle_Internal.h */ = {isa = PBXFileReference; lastKnownFileType = sourcecode.c.h; path = CFBundle_Internal.h; sourceTree = "<group>"; };
		374661812BBBB2BB005D9806 /* CFBundle_Locale.c */ = {isa = PBXFileReference; lastKnownFileType = sourcecode.c.c; path = CFBundle_Locale.c; sourceTree = "<group>"; };
		374661822BBBB2BB005D9806 /* CFBundle_Resources.c */ = {isa = PBXFileReference; lastKnownFileType = sourcecode.c.c; path = CFBundle_Resources.c; sourceTree = "<group>"; };
		374661832BBBB2BB005D9806 /* CFBundle_Strings.c */ = {isa = PBXFileReference; lastKnownFileType = sourcecode.c.c; path = CFBundle_Strings.c; sourceTree = "<group>"; };
		374661842BBBB2BB005D9806 /* CFBundle.c */ = {isa = PBXFileReference; lastKnownFileType = sourcecode.c.c; path = CFBundle.c; sourceTree = "<group>"; };
		374661852BBBB2BB005D9806 /* CFBundle.h */ = {isa = PBXFileReference; lastKnownFileType = sourcecode.c.h; path = CFBundle.h; sourceTree = "<group>"; };
		374661862BBBB2BB005D9806 /* CFBundlePriv.h */ = {isa = PBXFileReference; lastKnownFileType = sourcecode.c.h; path = CFBundlePriv.h; sourceTree = "<group>"; };
		374661872BBBB2BB005D9806 /* CFBurstTrie.c */ = {isa = PBXFileReference; lastKnownFileType = sourcecode.c.c; path = CFBurstTrie.c; sourceTree = "<group>"; };
		374661882BBBB2BB005D9806 /* CFBurstTrie.h */ = {isa = PBXFileReference; lastKnownFileType = sourcecode.c.h; path = CFBurstTrie.h; sourceTree = "<group>"; };
		374661892BBBB2BB005D9806 /* CFByteOrder.h */ = {isa = PBXFileReference; lastKnownFileType = sourcecode.c.h; path = CFByteOrder.h; sourceTree = "<group>"; };
		3746618A2BBBB2BB005D9806 /* CFCalendar.c */ = {isa = PBXFileReference; lastKnownFileType = sourcecode.c.c; path = CFCalendar.c; sourceTree = "<group>"; };
		3746618B2BBBB2BB005D9806 /* CFCalendar.h */ = {isa = PBXFileReference; lastKnownFileType = sourcecode.c.h; path = CFCalendar.h; sourceTree = "<group>"; };
		3746618C2BBBB2BB005D9806 /* CFCharacterSet.c */ = {isa = PBXFileReference; lastKnownFileType = sourcecode.c.c; path = CFCharacterSet.c; sourceTree = "<group>"; };
		3746618D2BBBB2BB005D9806 /* CFCharacterSet.h */ = {isa = PBXFileReference; lastKnownFileType = sourcecode.c.h; path = CFCharacterSet.h; sourceTree = "<group>"; };
		3746618E2BBBB2BB005D9806 /* CFCharacterSetBitmaps.bitmap */ = {isa = PBXFileReference; lastKnownFileType = file; path = CFCharacterSetBitmaps.bitmap; sourceTree = "<group>"; };
		3746618F2BBBB2BB005D9806 /* CFCharacterSetPriv.h */ = {isa = PBXFileReference; lastKnownFileType = sourcecode.c.h; path = CFCharacterSetPriv.h; sourceTree = "<group>"; };
		374661902BBBB2BB005D9806 /* CFConcreteStreams.c */ = {isa = PBXFileReference; lastKnownFileType = sourcecode.c.c; path = CFConcreteStreams.c; sourceTree = "<group>"; };
		374661912BBBB2BB005D9806 /* CFData.c */ = {isa = PBXFileReference; lastKnownFileType = sourcecode.c.c; path = CFData.c; sourceTree = "<group>"; };
		374661922BBBB2BB005D9806 /* CFData.h */ = {isa = PBXFileReference; lastKnownFileType = sourcecode.c.h; path = CFData.h; sourceTree = "<group>"; };
		374661932BBBB2BB005D9806 /* CFDate.c */ = {isa = PBXFileReference; lastKnownFileType = sourcecode.c.c; path = CFDate.c; sourceTree = "<group>"; };
		374661942BBBB2BB005D9806 /* CFDate.h */ = {isa = PBXFileReference; lastKnownFileType = sourcecode.c.h; path = CFDate.h; sourceTree = "<group>"; };
		374661952BBBB2BB005D9806 /* CFDateFormatter.c */ = {isa = PBXFileReference; lastKnownFileType = sourcecode.c.c; path = CFDateFormatter.c; sourceTree = "<group>"; };
		374661962BBBB2BB005D9806 /* CFDateFormatter.h */ = {isa = PBXFileReference; lastKnownFileType = sourcecode.c.h; path = CFDateFormatter.h; sourceTree = "<group>"; };
		374661972BBBB2BB005D9806 /* CFDictionary.c */ = {isa = PBXFileReference; lastKnownFileType = sourcecode.c.c; path = CFDictionary.c; sourceTree = "<group>"; };
		374661982BBBB2BB005D9806 /* CFDictionary.h */ = {isa = PBXFileReference; lastKnownFileType = sourcecode.c.h; path = CFDictionary.h; sourceTree = "<group>"; };
		374661992BBBB2BB005D9806 /* CFError_Private.h */ = {isa = PBXFileReference; lastKnownFileType = sourcecode.c.h; path = CFError_Private.h; sourceTree = "<group>"; };
		3746619A2BBBB2BB005D9806 /* CFError.c */ = {isa = PBXFileReference; lastKnownFileType = sourcecode.c.c; path = CFError.c; sourceTree = "<group>"; };
		3746619B2BBBB2BB005D9806 /* CFError.h */ = {isa = PBXFileReference; lastKnownFileType = sourcecode.c.h; path = CFError.h; sourceTree = "<group>"; };
		3746619C2BBBB2BB005D9806 /* CFFileUtilities.c */ = {isa = PBXFileReference; lastKnownFileType = sourcecode.c.c; path = CFFileUtilities.c; sourceTree = "<group>"; };
		3746619D2BBBB2BB005D9806 /* CFICUConverters.c */ = {isa = PBXFileReference; lastKnownFileType = sourcecode.c.c; path = CFICUConverters.c; sourceTree = "<group>"; };
		3746619E2BBBB2BB005D9806 /* CFICUConverters.h */ = {isa = PBXFileReference; lastKnownFileType = sourcecode.c.h; path = CFICUConverters.h; sourceTree = "<group>"; };
		3746619F2BBBB2BB005D9806 /* CFICULogging.h */ = {isa = PBXFileReference; lastKnownFileType = sourcecode.c.h; path = CFICULogging.h; sourceTree = "<group>"; };
		374661A02BBBB2BB005D9806 /* CFInternal.h */ = {isa = PBXFileReference; lastKnownFileType = sourcecode.c.h; path = CFInternal.h; sourceTree = "<group>"; };
		374661A12BBBB2BB005D9806 /* CFLocale.c */ = {isa = PBXFileReference; lastKnownFileType = sourcecode.c.c; path = CFLocale.c; sourceTree = "<group>"; };
		374661A22BBBB2BB005D9806 /* CFLocale.h */ = {isa = PBXFileReference; lastKnownFileType = sourcecode.c.h; path = CFLocale.h; sourceTree = "<group>"; };
		374661A32BBBB2BB005D9806 /* CFLocaleIdentifier.c */ = {isa = PBXFileReference; lastKnownFileType = sourcecode.c.c; path = CFLocaleIdentifier.c; sourceTree = "<group>"; };
		374661A42BBBB2BB005D9806 /* CFLocaleInternal.h */ = {isa = PBXFileReference; lastKnownFileType = sourcecode.c.h; path = CFLocaleInternal.h; sourceTree = "<group>"; };
		374661A52BBBB2BB005D9806 /* CFLocaleKeys.c */ = {isa = PBXFileReference; lastKnownFileType = sourcecode.c.c; path = CFLocaleKeys.c; sourceTree = "<group>"; };
		374661A62BBBB2BB005D9806 /* CFLogUtilities.h */ = {isa = PBXFileReference; lastKnownFileType = sourcecode.c.h; path = CFLogUtilities.h; sourceTree = "<group>"; };
		374661A72BBBB2BB005D9806 /* CFMachPort.c */ = {isa = PBXFileReference; lastKnownFileType = sourcecode.c.c; path = CFMachPort.c; sourceTree = "<group>"; };
		374661A82BBBB2BB005D9806 /* CFMachPort.h */ = {isa = PBXFileReference; lastKnownFileType = sourcecode.c.h; path = CFMachPort.h; sourceTree = "<group>"; };
		374661A92BBBB2BB005D9806 /* CFMessagePort.c */ = {isa = PBXFileReference; lastKnownFileType = sourcecode.c.c; path = CFMessagePort.c; sourceTree = "<group>"; };
		374661AA2BBBB2BB005D9806 /* CFMessagePort.h */ = {isa = PBXFileReference; lastKnownFileType = sourcecode.c.h; path = CFMessagePort.h; sourceTree = "<group>"; };
		374661AB2BBBB2BB005D9806 /* CFNumber.c */ = {isa = PBXFileReference; lastKnownFileType = sourcecode.c.c; path = CFNumber.c; sourceTree = "<group>"; };
		374661AC2BBBB2BB005D9806 /* CFNumber.h */ = {isa = PBXFileReference; lastKnownFileType = sourcecode.c.h; path = CFNumber.h; sourceTree = "<group>"; };
		374661AD2BBBB2BB005D9806 /* CFNumberFormatter.c */ = {isa = PBXFileReference; lastKnownFileType = sourcecode.c.c; path = CFNumberFormatter.c; sourceTree = "<group>"; };
		374661AE2BBBB2BB005D9806 /* CFNumberFormatter.h */ = {isa = PBXFileReference; lastKnownFileType = sourcecode.c.h; path = CFNumberFormatter.h; sourceTree = "<group>"; };
		374661AF2BBBB2BB005D9806 /* CFOldStylePList.c */ = {isa = PBXFileReference; lastKnownFileType = sourcecode.c.c; path = CFOldStylePList.c; sourceTree = "<group>"; };
		374661B02BBBB2BB005D9806 /* CFPlatform.c */ = {isa = PBXFileReference; lastKnownFileType = sourcecode.c.c; path = CFPlatform.c; sourceTree = "<group>"; };
		374661B12BBBB2BB005D9806 /* CFPlatformConverters.c */ = {isa = PBXFileReference; lastKnownFileType = sourcecode.c.c; path = CFPlatformConverters.c; sourceTree = "<group>"; };
		374661B22BBBB2BB005D9806 /* CFPlugIn_Factory.c */ = {isa = PBXFileReference; lastKnownFileType = sourcecode.c.c; path = CFPlugIn_Factory.c; sourceTree = "<group>"; };
		374661B32BBBB2BB005D9806 /* CFPlugIn_Factory.h */ = {isa = PBXFileReference; lastKnownFileType = sourcecode.c.h; path = CFPlugIn_Factory.h; sourceTree = "<group>"; };
		374661B42BBBB2BB005D9806 /* CFPlugIn_Instance.c */ = {isa = PBXFileReference; lastKnownFileType = sourcecode.c.c; path = CFPlugIn_Instance.c; sourceTree = "<group>"; };
		374661B52BBBB2BB005D9806 /* CFPlugIn_PlugIn.c */ = {isa = PBXFileReference; lastKnownFileType = sourcecode.c.c; path = CFPlugIn_PlugIn.c; sourceTree = "<group>"; };
		374661B62BBBB2BB005D9806 /* CFPlugIn.c */ = {isa = PBXFileReference; lastKnownFileType = sourcecode.c.c; path = CFPlugIn.c; sourceTree = "<group>"; };
		374661B72BBBB2BB005D9806 /* CFPlugIn.h */ = {isa = PBXFileReference; lastKnownFileType = sourcecode.c.h; path = CFPlugIn.h; sourceTree = "<group>"; };
		374661B82BBBB2BB005D9806 /* CFPlugInCOM.h */ = {isa = PBXFileReference; lastKnownFileType = sourcecode.c.h; path = CFPlugInCOM.h; sourceTree = "<group>"; };
		374661B92BBBB2BB005D9806 /* CFPreferences.c */ = {isa = PBXFileReference; lastKnownFileType = sourcecode.c.c; path = CFPreferences.c; sourceTree = "<group>"; };
		374661BA2BBBB2BB005D9806 /* CFPreferences.h */ = {isa = PBXFileReference; lastKnownFileType = sourcecode.c.h; path = CFPreferences.h; sourceTree = "<group>"; };
		374661BB2BBBB2BB005D9806 /* CFPriv.h */ = {isa = PBXFileReference; lastKnownFileType = sourcecode.c.h; path = CFPriv.h; sourceTree = "<group>"; };
		374661BC2BBBB2BB005D9806 /* CFPropertyList.c */ = {isa = PBXFileReference; lastKnownFileType = sourcecode.c.c; path = CFPropertyList.c; sourceTree = "<group>"; };
		374661BD2BBBB2BB005D9806 /* CFPropertyList.h */ = {isa = PBXFileReference; lastKnownFileType = sourcecode.c.h; path = CFPropertyList.h; sourceTree = "<group>"; };
		374661BE2BBBB2BB005D9806 /* CFRunLoop.c */ = {isa = PBXFileReference; lastKnownFileType = sourcecode.c.c; path = CFRunLoop.c; sourceTree = "<group>"; };
		374661BF2BBBB2BB005D9806 /* CFRunLoop.h */ = {isa = PBXFileReference; lastKnownFileType = sourcecode.c.h; path = CFRunLoop.h; sourceTree = "<group>"; };
		374661C02BBBB2BB005D9806 /* CFRuntime.c */ = {isa = PBXFileReference; lastKnownFileType = sourcecode.c.c; path = CFRuntime.c; sourceTree = "<group>"; };
		374661C12BBBB2BB005D9806 /* CFRuntime.h */ = {isa = PBXFileReference; lastKnownFileType = sourcecode.c.h; path = CFRuntime.h; sourceTree = "<group>"; };
		374661C22BBBB2BB005D9806 /* CFSet.c */ = {isa = PBXFileReference; lastKnownFileType = sourcecode.c.c; path = CFSet.c; sourceTree = "<group>"; };
		374661C32BBBB2BB005D9806 /* CFSet.h */ = {isa = PBXFileReference; lastKnownFileType = sourcecode.c.h; path = CFSet.h; sourceTree = "<group>"; };
		374661C42BBBB2BB005D9806 /* CFSocket.c */ = {isa = PBXFileReference; lastKnownFileType = sourcecode.c.c; path = CFSocket.c; sourceTree = "<group>"; };
		374661C52BBBB2BB005D9806 /* CFSocket.h */ = {isa = PBXFileReference; lastKnownFileType = sourcecode.c.h; path = CFSocket.h; sourceTree = "<group>"; };
		374661C62BBBB2BB005D9806 /* CFSocketStream.c */ = {isa = PBXFileReference; lastKnownFileType = sourcecode.c.c; path = CFSocketStream.c; sourceTree = "<group>"; };
		374661C72BBBB2BB005D9806 /* CFSortFunctions.c */ = {isa = PBXFileReference; lastKnownFileType = sourcecode.c.c; path = CFSortFunctions.c; sourceTree = "<group>"; };
		374661C82BBBB2BB005D9806 /* CFStorage.c */ = {isa = PBXFileReference; lastKnownFileType = sourcecode.c.c; path = CFStorage.c; sourceTree = "<group>"; };
		374661C92BBBB2BB005D9806 /* CFStorage.h */ = {isa = PBXFileReference; lastKnownFileType = sourcecode.c.h; path = CFStorage.h; sourceTree = "<group>"; };
		374661CA2BBBB2BB005D9806 /* CFStream.c */ = {isa = PBXFileReference; lastKnownFileType = sourcecode.c.c; path = CFStream.c; sourceTree = "<group>"; };
		374661CB2BBBB2BB005D9806 /* CFStream.h */ = {isa = PBXFileReference; lastKnownFileType = sourcecode.c.h; path = CFStream.h; sourceTree = "<group>"; };
		374661CC2BBBB2BB005D9806 /* CFStreamAbstract.h */ = {isa = PBXFileReference; lastKnownFileType = sourcecode.c.h; path = CFStreamAbstract.h; sourceTree = "<group>"; };
		374661CD2BBBB2BB005D9806 /* CFStreamInternal.h */ = {isa = PBXFileReference; lastKnownFileType = sourcecode.c.h; path = CFStreamInternal.h; sourceTree = "<group>"; };
		374661CE2BBBB2BB005D9806 /* CFStreamPriv.h */ = {isa = PBXFileReference; lastKnownFileType = sourcecode.c.h; path = CFStreamPriv.h; sourceTree = "<group>"; };
		374661CF2BBBB2BB005D9806 /* CFString.c */ = {isa = PBXFileReference; lastKnownFileType = sourcecode.c.c; path = CFString.c; sourceTree = "<group>"; };
		374661D02BBBB2BB005D9806 /* CFString.h */ = {isa = PBXFileReference; lastKnownFileType = sourcecode.c.h; path = CFString.h; sourceTree = "<group>"; };
		374661D12BBBB2BB005D9806 /* CFStringDefaultEncoding.h */ = {isa = PBXFileReference; lastKnownFileType = sourcecode.c.h; path = CFStringDefaultEncoding.h; sourceTree = "<group>"; };
		374661D22BBBB2BB005D9806 /* CFStringEncodingConverter.c */ = {isa = PBXFileReference; lastKnownFileType = sourcecode.c.c; path = CFStringEncodingConverter.c; sourceTree = "<group>"; };
		374661D32BBBB2BB005D9806 /* CFStringEncodingConverter.h */ = {isa = PBXFileReference; lastKnownFileType = sourcecode.c.h; path = CFStringEncodingConverter.h; sourceTree = "<group>"; };
		374661D42BBBB2BB005D9806 /* CFStringEncodingConverterExt.h */ = {isa = PBXFileReference; lastKnownFileType = sourcecode.c.h; path = CFStringEncodingConverterExt.h; sourceTree = "<group>"; };
		374661D52BBBB2BB005D9806 /* CFStringEncodingConverterPriv.h */ = {isa = PBXFileReference; lastKnownFileType = sourcecode.c.h; path = CFStringEncodingConverterPriv.h; sourceTree = "<group>"; };
		374661D62BBBB2BB005D9806 /* CFStringEncodingDatabase.c */ = {isa = PBXFileReference; lastKnownFileType = sourcecode.c.c; path = CFStringEncodingDatabase.c; sourceTree = "<group>"; };
		374661D72BBBB2BB005D9806 /* CFStringEncodingDatabase.h */ = {isa = PBXFileReference; lastKnownFileType = sourcecode.c.h; path = CFStringEncodingDatabase.h; sourceTree = "<group>"; };
		374661D82BBBB2BB005D9806 /* CFStringEncodingExt.h */ = {isa = PBXFileReference; lastKnownFileType = sourcecode.c.h; path = CFStringEncodingExt.h; sourceTree = "<group>"; };
		374661D92BBBB2BB005D9806 /* CFStringEncodings.c */ = {isa = PBXFileReference; lastKnownFileType = sourcecode.c.c; path = CFStringEncodings.c; sourceTree = "<group>"; };
		374661DA2BBBB2BB005D9806 /* CFStringScanner.c */ = {isa = PBXFileReference; lastKnownFileType = sourcecode.c.c; path = CFStringScanner.c; sourceTree = "<group>"; };
		374661DB2BBBB2BB005D9806 /* CFStringUtilities.c */ = {isa = PBXFileReference; lastKnownFileType = sourcecode.c.c; path = CFStringUtilities.c; sourceTree = "<group>"; };
		374661DC2BBBB2BB005D9806 /* CFSystemDirectories.c */ = {isa = PBXFileReference; lastKnownFileType = sourcecode.c.c; path = CFSystemDirectories.c; sourceTree = "<group>"; };
		374661DD2BBBB2BB005D9806 /* CFTimeZone.c */ = {isa = PBXFileReference; lastKnownFileType = sourcecode.c.c; path = CFTimeZone.c; sourceTree = "<group>"; };
		374661DE2BBBB2BB005D9806 /* CFTimeZone.h */ = {isa = PBXFileReference; lastKnownFileType = sourcecode.c.h; path = CFTimeZone.h; sourceTree = "<group>"; };
		374661DF2BBBB2BB005D9806 /* CFTree.c */ = {isa = PBXFileReference; lastKnownFileType = sourcecode.c.c; path = CFTree.c; sourceTree = "<group>"; };
		374661E02BBBB2BB005D9806 /* CFTree.h */ = {isa = PBXFileReference; lastKnownFileType = sourcecode.c.h; path = CFTree.h; sourceTree = "<group>"; };
		374661E12BBBB2BB005D9806 /* CFUniChar.c */ = {isa = PBXFileReference; lastKnownFileType = sourcecode.c.c; path = CFUniChar.c; sourceTree = "<group>"; };
		374661E22BBBB2BB005D9806 /* CFUniChar.h */ = {isa = PBXFileReference; lastKnownFileType = sourcecode.c.h; path = CFUniChar.h; sourceTree = "<group>"; };
		374661E32BBBB2BB005D9806 /* CFUniCharPriv.h */ = {isa = PBXFileReference; lastKnownFileType = sourcecode.c.h; path = CFUniCharPriv.h; sourceTree = "<group>"; };
		374661E42BBBB2BB005D9806 /* CFUniCharPropertyDatabase.data */ = {isa = PBXFileReference; lastKnownFileType = file; path = CFUniCharPropertyDatabase.data; sourceTree = "<group>"; };
		374661E52BBBB2BB005D9806 /* CFUnicodeData-B.mapping */ = {isa = PBXFileReference; lastKnownFileType = file; path = "CFUnicodeData-B.mapping"; sourceTree = "<group>"; };
		374661E62BBBB2BB005D9806 /* CFUnicodeData-L.mapping */ = {isa = PBXFileReference; lastKnownFileType = file; path = "CFUnicodeData-L.mapping"; sourceTree = "<group>"; };
		374661E72BBBB2BB005D9806 /* CFUnicodeDecomposition.c */ = {isa = PBXFileReference; lastKnownFileType = sourcecode.c.c; path = CFUnicodeDecomposition.c; sourceTree = "<group>"; };
		374661E82BBBB2BB005D9806 /* CFUnicodeDecomposition.h */ = {isa = PBXFileReference; lastKnownFileType = sourcecode.c.h; path = CFUnicodeDecomposition.h; sourceTree = "<group>"; };
		374661E92BBBB2BB005D9806 /* CFUnicodePrecomposition.c */ = {isa = PBXFileReference; lastKnownFileType = sourcecode.c.c; path = CFUnicodePrecomposition.c; sourceTree = "<group>"; };
		374661EA2BBBB2BB005D9806 /* CFUnicodePrecomposition.h */ = {isa = PBXFileReference; lastKnownFileType = sourcecode.c.h; path = CFUnicodePrecomposition.h; sourceTree = "<group>"; };
		374661EB2BBBB2BB005D9806 /* CFURL.c */ = {isa = PBXFileReference; lastKnownFileType = sourcecode.c.c; path = CFURL.c; sourceTree = "<group>"; };
		374661EC2BBBB2BB005D9806 /* CFURL.h */ = {isa = PBXFileReference; lastKnownFileType = sourcecode.c.h; path = CFURL.h; sourceTree = "<group>"; };
		374661ED2BBBB2BB005D9806 /* CFURL.inc.h */ = {isa = PBXFileReference; lastKnownFileType = sourcecode.c.h; path = CFURL.inc.h; sourceTree = "<group>"; };
		374661EE2BBBB2BB005D9806 /* CFURLAccess.c */ = {isa = PBXFileReference; lastKnownFileType = sourcecode.c.c; path = CFURLAccess.c; sourceTree = "<group>"; };
		374661EF2BBBB2BB005D9806 /* CFURLAccess.h */ = {isa = PBXFileReference; lastKnownFileType = sourcecode.c.h; path = CFURLAccess.h; sourceTree = "<group>"; };
		374661F02BBBB2BB005D9806 /* CFURLPriv.h */ = {isa = PBXFileReference; lastKnownFileType = sourcecode.c.h; path = CFURLPriv.h; sourceTree = "<group>"; };
		374661F12BBBB2BB005D9806 /* CFUserNotification.c */ = {isa = PBXFileReference; lastKnownFileType = sourcecode.c.c; path = CFUserNotification.c; sourceTree = "<group>"; };
		374661F22BBBB2BB005D9806 /* CFUserNotification.h */ = {isa = PBXFileReference; lastKnownFileType = sourcecode.c.h; path = CFUserNotification.h; sourceTree = "<group>"; };
		374661F32BBBB2BB005D9806 /* CFUtilities.c */ = {isa = PBXFileReference; lastKnownFileType = sourcecode.c.c; path = CFUtilities.c; sourceTree = "<group>"; };
		374661F42BBBB2BB005D9806 /* CFUtilities.h */ = {isa = PBXFileReference; lastKnownFileType = sourcecode.c.h; path = CFUtilities.h; sourceTree = "<group>"; };
		374661F52BBBB2BB005D9806 /* CFUUID.c */ = {isa = PBXFileReference; lastKnownFileType = sourcecode.c.c; path = CFUUID.c; sourceTree = "<group>"; };
		374661F62BBBB2BB005D9806 /* CFUUID.h */ = {isa = PBXFileReference; lastKnownFileType = sourcecode.c.h; path = CFUUID.h; sourceTree = "<group>"; };
		374661F72BBBB2BB005D9806 /* CFVersion.c */ = {isa = PBXFileReference; lastKnownFileType = sourcecode.c.c; path = CFVersion.c; sourceTree = "<group>"; };
		374661F82BBBB2BB005D9806 /* CFWindowsUtilities.c */ = {isa = PBXFileReference; lastKnownFileType = sourcecode.c.c; path = CFWindowsUtilities.c; sourceTree = "<group>"; };
		374661F92BBBB2BB005D9806 /* CFXMLInputStream.c */ = {isa = PBXFileReference; lastKnownFileType = sourcecode.c.c; path = CFXMLInputStream.c; sourceTree = "<group>"; };
		374661FA2BBBB2BB005D9806 /* CFXMLInputStream.h */ = {isa = PBXFileReference; lastKnownFileType = sourcecode.c.h; path = CFXMLInputStream.h; sourceTree = "<group>"; };
		374661FB2BBBB2BB005D9806 /* CFXMLNode.c */ = {isa = PBXFileReference; lastKnownFileType = sourcecode.c.c; path = CFXMLNode.c; sourceTree = "<group>"; };
		374661FC2BBBB2BB005D9806 /* CFXMLNode.h */ = {isa = PBXFileReference; lastKnownFileType = sourcecode.c.h; path = CFXMLNode.h; sourceTree = "<group>"; };
		374661FD2BBBB2BB005D9806 /* CFXMLParser.c */ = {isa = PBXFileReference; lastKnownFileType = sourcecode.c.c; path = CFXMLParser.c; sourceTree = "<group>"; };
		374661FE2BBBB2BB005D9806 /* CFXMLParser.h */ = {isa = PBXFileReference; lastKnownFileType = sourcecode.c.h; path = CFXMLParser.h; sourceTree = "<group>"; };
		374661FF2BBBB2BB005D9806 /* CFXMLPreferencesDomain.c */ = {isa = PBXFileReference; lastKnownFileType = sourcecode.c.c; path = CFXMLPreferencesDomain.c; sourceTree = "<group>"; };
		374662002BBBB2BB005D9806 /* CFXMLTree.c */ = {isa = PBXFileReference; lastKnownFileType = sourcecode.c.c; path = CFXMLTree.c; sourceTree = "<group>"; };
		374662012BBBB2BB005D9806 /* CoreFoundation_Prefix.h */ = {isa = PBXFileReference; lastKnownFileType = sourcecode.c.h; path = CoreFoundation_Prefix.h; sourceTree = "<group>"; };
		374662022BBBB2BB005D9806 /* CoreFoundation.h */ = {isa = PBXFileReference; lastKnownFileType = sourcecode.c.h; path = CoreFoundation.h; sourceTree = "<group>"; };
		374662032BBBB2BB005D9806 /* ForFoundationOnly.h */ = {isa = PBXFileReference; lastKnownFileType = sourcecode.c.h; path = ForFoundationOnly.h; sourceTree = "<group>"; };
		374662042BBBB2BB005D9806 /* Info.plist */ = {isa = PBXFileReference; lastKnownFileType = text.plist.xml; path = Info.plist; sourceTree = "<group>"; };
		374662052BBBB2BB005D9806 /* Makefile */ = {isa = PBXFileReference; lastKnownFileType = sourcecode.make; path = Makefile; sourceTree = "<group>"; };
		374662062BBBB2BB005D9806 /* MakefileLinux */ = {isa = PBXFileReference; lastKnownFileType = text; path = MakefileLinux; sourceTree = "<group>"; };
		374662072BBBB2BB005D9806 /* MakefileVersion */ = {isa = PBXFileReference; lastKnownFileType = text; path = MakefileVersion; sourceTree = "<group>"; };
		374662082BBBB2BB005D9806 /* plconvert.c */ = {isa = PBXFileReference; lastKnownFileType = sourcecode.c.c; path = plconvert.c; sourceTree = "<group>"; };
		374662092BBBB2BB005D9806 /* PropertyList.dtd */ = {isa = PBXFileReference; lastKnownFileType = text.xml; path = PropertyList.dtd; sourceTree = "<group>"; };
		3746620A2BBBB2BB005D9806 /* README_CFLITE */ = {isa = PBXFileReference; lastKnownFileType = text; path = README_CFLITE; sourceTree = "<group>"; };
		3746620B2BBBB2BB005D9806 /* SymbolAliases */ = {isa = PBXFileReference; lastKnownFileType = text; path = SymbolAliases; sourceTree = "<group>"; };
		3746620C2BBBB2BB005D9806 /* TargetConditionals.h */ = {isa = PBXFileReference; lastKnownFileType = sourcecode.c.h; path = TargetConditionals.h; sourceTree = "<group>"; };
		EE166909268D4E410068EBD5 /* README.md */ = {isa = PBXFileReference; lastKnownFileType = net.daringfireball.markdown; path = README.md; sourceTree = "<group>"; };
		EE2189D9268E9E17006D57B6 /* MPRunloopObserver.h */ = {isa = PBXFileReference; lastKnownFileType = sourcecode.c.h; path = MPRunloopObserver.h; sourceTree = "<group>"; };
		EE2189DA268E9E17006D57B6 /* MPRunloopObserver.m */ = {isa = PBXFileReference; lastKnownFileType = sourcecode.c.objc; path = MPRunloopObserver.m; sourceTree = "<group>"; };
		EE5D713F2662822000DC0FA6 /* Runloop.app */ = {isa = PBXFileReference; explicitFileType = wrapper.application; includeInIndex = 0; path = Runloop.app; sourceTree = BUILT_PRODUCTS_DIR; };
		EE5D71422662822000DC0FA6 /* AppDelegate.h */ = {isa = PBXFileReference; lastKnownFileType = sourcecode.c.h; path = AppDelegate.h; sourceTree = "<group>"; };
		EE5D71432662822000DC0FA6 /* AppDelegate.m */ = {isa = PBXFileReference; lastKnownFileType = sourcecode.c.objc; path = AppDelegate.m; sourceTree = "<group>"; };
		EE5D71452662822000DC0FA6 /* SceneDelegate.h */ = {isa = PBXFileReference; lastKnownFileType = sourcecode.c.h; path = SceneDelegate.h; sourceTree = "<group>"; };
		EE5D71462662822000DC0FA6 /* SceneDelegate.m */ = {isa = PBXFileReference; lastKnownFileType = sourcecode.c.objc; path = SceneDelegate.m; sourceTree = "<group>"; };
		EE5D71482662822000DC0FA6 /* ViewController.h */ = {isa = PBXFileReference; lastKnownFileType = sourcecode.c.h; path = ViewController.h; sourceTree = "<group>"; };
		EE5D71492662822000DC0FA6 /* ViewController.m */ = {isa = PBXFileReference; lastKnownFileType = sourcecode.c.objc; path = ViewController.m; sourceTree = "<group>"; };
		EE5D714C2662822000DC0FA6 /* Base */ = {isa = PBXFileReference; lastKnownFileType = file.storyboard; name = Base; path = Base.lproj/Main.storyboard; sourceTree = "<group>"; };
		EE5D714E2662822000DC0FA6 /* Assets.xcassets */ = {isa = PBXFileReference; lastKnownFileType = folder.assetcatalog; path = Assets.xcassets; sourceTree = "<group>"; };
		EE5D71512662822000DC0FA6 /* Base */ = {isa = PBXFileReference; lastKnownFileType = file.storyboard; name = Base; path = Base.lproj/LaunchScreen.storyboard; sourceTree = "<group>"; };
		EE5D71532662822000DC0FA6 /* Info.plist */ = {isa = PBXFileReference; lastKnownFileType = text.plist.xml; path = Info.plist; sourceTree = "<group>"; };
		EE5D71542662822000DC0FA6 /* main.m */ = {isa = PBXFileReference; lastKnownFileType = sourcecode.c.objc; path = main.m; sourceTree = "<group>"; };
		EEBE48E5266283CC00732E0C /* CFRunLoop.c */ = {isa = PBXFileReference; fileEncoding = 4; lastKnownFileType = sourcecode.c.c; path = CFRunLoop.c; sourceTree = "<group>"; };
		EEBE48E6266283CC00732E0C /* CFRunLoop.h */ = {isa = PBXFileReference; fileEncoding = 4; lastKnownFileType = sourcecode.c.h; path = CFRunLoop.h; sourceTree = "<group>"; };
		EEBE48E82662894100732E0C /* MPThread.h */ = {isa = PBXFileReference; lastKnownFileType = sourcecode.c.h; path = MPThread.h; sourceTree = "<group>"; };
		EEBE48E92662894100732E0C /* MPThread.m */ = {isa = PBXFileReference; lastKnownFileType = sourcecode.c.objc; path = MPThread.m; sourceTree = "<group>"; };
		EEE1167D266323D30010107E /* base.h */ = {isa = PBXFileReference; fileEncoding = 4; lastKnownFileType = sourcecode.c.h; path = base.h; sourceTree = "<group>"; };
		EEE11681266324B30010107E /* MPLRSource.h */ = {isa = PBXFileReference; lastKnownFileType = sourcecode.c.h; path = MPLRSource.h; sourceTree = "<group>"; };
		EEE11682266324B30010107E /* MPLRSource.m */ = {isa = PBXFileReference; lastKnownFileType = sourcecode.c.objc; path = MPLRSource.m; sourceTree = "<group>"; };
		EEE99290299E345B00E4A9A3 /* MPPerson.h */ = {isa = PBXFileReference; lastKnownFileType = sourcecode.c.h; path = MPPerson.h; sourceTree = "<group>"; };
		EEE99291299E345B00E4A9A3 /* MPPerson.m */ = {isa = PBXFileReference; lastKnownFileType = sourcecode.c.objc; path = MPPerson.m; sourceTree = "<group>"; };
		EEE99293299FA92600E4A9A3 /* Block.h */ = {isa = PBXFileReference; lastKnownFileType = sourcecode.c.h; path = Block.h; sourceTree = "<group>"; };
		EEE99294299FA92600E4A9A3 /* Block.m */ = {isa = PBXFileReference; lastKnownFileType = sourcecode.c.objc; path = Block.m; sourceTree = "<group>"; };
		EEE99296299FA95800E4A9A3 /* BaseItem.h */ = {isa = PBXFileReference; lastKnownFileType = sourcecode.c.h; path = BaseItem.h; sourceTree = "<group>"; };
		EEE99297299FA95800E4A9A3 /* BaseItem.m */ = {isa = PBXFileReference; lastKnownFileType = sourcecode.c.objc; path = BaseItem.m; sourceTree = "<group>"; };
		EEE9929C29A727B000E4A9A3 /* Runloop.h */ = {isa = PBXFileReference; lastKnownFileType = sourcecode.c.h; path = Runloop.h; sourceTree = "<group>"; };
		EEE9929D29A727B000E4A9A3 /* Runloop.m */ = {isa = PBXFileReference; lastKnownFileType = sourcecode.c.objc; path = Runloop.m; sourceTree = "<group>"; };
/* End PBXFileReference section */

/* Begin PBXFrameworksBuildPhase section */
		EE5D713C2662822000DC0FA6 /* Frameworks */ = {
			isa = PBXFrameworksBuildPhase;
			buildActionMask = 2147483647;
			files = (
			);
			runOnlyForDeploymentPostprocessing = 0;
		};
/* End PBXFrameworksBuildPhase section */

/* Begin PBXGroup section */
		374661672BBBB2BB005D9806 /* Examples */ = {
			isa = PBXGroup;
			children = (
				374661662BBBB2BB005D9806 /* plconvert.c */,
			);
			path = Examples;
			sourceTree = "<group>";
		};
		3746620D2BBBB2BB005D9806 /* CF-CF-1153.18 */ = {
			isa = PBXGroup;
			children = (
				374661672BBBB2BB005D9806 /* Examples */,
				374661682BBBB2BB005D9806 /* APPLE_LICENSE */,
				374661692BBBB2BB005D9806 /* CFApplicationPreferences.c */,
				3746616A2BBBB2BB005D9806 /* CFArray.c */,
				3746616B2BBBB2BB005D9806 /* CFArray.h */,
				3746616C2BBBB2BB005D9806 /* CFAvailability.h */,
				3746616D2BBBB2BB005D9806 /* CFBag.c */,
				3746616E2BBBB2BB005D9806 /* CFBag.h */,
				3746616F2BBBB2BB005D9806 /* CFBase.c */,
				374661702BBBB2BB005D9806 /* CFBase.h */,
				374661712BBBB2BB005D9806 /* CFBasicHash.c */,
				374661722BBBB2BB005D9806 /* CFBasicHash.h */,
				374661732BBBB2BB005D9806 /* CFBasicHashFindBucket.m */,
				374661742BBBB2BB005D9806 /* CFBigNumber.c */,
				374661752BBBB2BB005D9806 /* CFBigNumber.h */,
				374661762BBBB2BB005D9806 /* CFBinaryHeap.c */,
				374661772BBBB2BB005D9806 /* CFBinaryHeap.h */,
				374661782BBBB2BB005D9806 /* CFBinaryPList.c */,
				374661792BBBB2BB005D9806 /* CFBitVector.c */,
				3746617A2BBBB2BB005D9806 /* CFBitVector.h */,
				3746617B2BBBB2BB005D9806 /* CFBuiltinConverters.c */,
				3746617C2BBBB2BB005D9806 /* CFBundle_Binary.c */,
				3746617D2BBBB2BB005D9806 /* CFBundle_BinaryTypes.h */,
				3746617E2BBBB2BB005D9806 /* CFBundle_Grok.c */,
				3746617F2BBBB2BB005D9806 /* CFBundle_InfoPlist.c */,
				374661802BBBB2BB005D9806 /* CFBundle_Internal.h */,
				374661812BBBB2BB005D9806 /* CFBundle_Locale.c */,
				374661822BBBB2BB005D9806 /* CFBundle_Resources.c */,
				374661832BBBB2BB005D9806 /* CFBundle_Strings.c */,
				374661842BBBB2BB005D9806 /* CFBundle.c */,
				374661852BBBB2BB005D9806 /* CFBundle.h */,
				374661862BBBB2BB005D9806 /* CFBundlePriv.h */,
				374661872BBBB2BB005D9806 /* CFBurstTrie.c */,
				374661882BBBB2BB005D9806 /* CFBurstTrie.h */,
				374661892BBBB2BB005D9806 /* CFByteOrder.h */,
				3746618A2BBBB2BB005D9806 /* CFCalendar.c */,
				3746618B2BBBB2BB005D9806 /* CFCalendar.h */,
				3746618C2BBBB2BB005D9806 /* CFCharacterSet.c */,
				3746618D2BBBB2BB005D9806 /* CFCharacterSet.h */,
				3746618E2BBBB2BB005D9806 /* CFCharacterSetBitmaps.bitmap */,
				3746618F2BBBB2BB005D9806 /* CFCharacterSetPriv.h */,
				374661902BBBB2BB005D9806 /* CFConcreteStreams.c */,
				374661912BBBB2BB005D9806 /* CFData.c */,
				374661922BBBB2BB005D9806 /* CFData.h */,
				374661932BBBB2BB005D9806 /* CFDate.c */,
				374661942BBBB2BB005D9806 /* CFDate.h */,
				374661952BBBB2BB005D9806 /* CFDateFormatter.c */,
				374661962BBBB2BB005D9806 /* CFDateFormatter.h */,
				374661972BBBB2BB005D9806 /* CFDictionary.c */,
				374661982BBBB2BB005D9806 /* CFDictionary.h */,
				374661992BBBB2BB005D9806 /* CFError_Private.h */,
				3746619A2BBBB2BB005D9806 /* CFError.c */,
				3746619B2BBBB2BB005D9806 /* CFError.h */,
				3746619C2BBBB2BB005D9806 /* CFFileUtilities.c */,
				3746619D2BBBB2BB005D9806 /* CFICUConverters.c */,
				3746619E2BBBB2BB005D9806 /* CFICUConverters.h */,
				3746619F2BBBB2BB005D9806 /* CFICULogging.h */,
				374661A02BBBB2BB005D9806 /* CFInternal.h */,
				374661A12BBBB2BB005D9806 /* CFLocale.c */,
				374661A22BBBB2BB005D9806 /* CFLocale.h */,
				374661A32BBBB2BB005D9806 /* CFLocaleIdentifier.c */,
				374661A42BBBB2BB005D9806 /* CFLocaleInternal.h */,
				374661A52BBBB2BB005D9806 /* CFLocaleKeys.c */,
				374661A62BBBB2BB005D9806 /* CFLogUtilities.h */,
				374661A72BBBB2BB005D9806 /* CFMachPort.c */,
				374661A82BBBB2BB005D9806 /* CFMachPort.h */,
				374661A92BBBB2BB005D9806 /* CFMessagePort.c */,
				374661AA2BBBB2BB005D9806 /* CFMessagePort.h */,
				374661AB2BBBB2BB005D9806 /* CFNumber.c */,
				374661AC2BBBB2BB005D9806 /* CFNumber.h */,
				374661AD2BBBB2BB005D9806 /* CFNumberFormatter.c */,
				374661AE2BBBB2BB005D9806 /* CFNumberFormatter.h */,
				374661AF2BBBB2BB005D9806 /* CFOldStylePList.c */,
				374661B02BBBB2BB005D9806 /* CFPlatform.c */,
				374661B12BBBB2BB005D9806 /* CFPlatformConverters.c */,
				374661B22BBBB2BB005D9806 /* CFPlugIn_Factory.c */,
				374661B32BBBB2BB005D9806 /* CFPlugIn_Factory.h */,
				374661B42BBBB2BB005D9806 /* CFPlugIn_Instance.c */,
				374661B52BBBB2BB005D9806 /* CFPlugIn_PlugIn.c */,
				374661B62BBBB2BB005D9806 /* CFPlugIn.c */,
				374661B72BBBB2BB005D9806 /* CFPlugIn.h */,
				374661B82BBBB2BB005D9806 /* CFPlugInCOM.h */,
				374661B92BBBB2BB005D9806 /* CFPreferences.c */,
				374661BA2BBBB2BB005D9806 /* CFPreferences.h */,
				374661BB2BBBB2BB005D9806 /* CFPriv.h */,
				374661BC2BBBB2BB005D9806 /* CFPropertyList.c */,
				374661BD2BBBB2BB005D9806 /* CFPropertyList.h */,
				374661BE2BBBB2BB005D9806 /* CFRunLoop.c */,
				374661BF2BBBB2BB005D9806 /* CFRunLoop.h */,
				374661C02BBBB2BB005D9806 /* CFRuntime.c */,
				374661C12BBBB2BB005D9806 /* CFRuntime.h */,
				374661C22BBBB2BB005D9806 /* CFSet.c */,
				374661C32BBBB2BB005D9806 /* CFSet.h */,
				374661C42BBBB2BB005D9806 /* CFSocket.c */,
				374661C52BBBB2BB005D9806 /* CFSocket.h */,
				374661C62BBBB2BB005D9806 /* CFSocketStream.c */,
				374661C72BBBB2BB005D9806 /* CFSortFunctions.c */,
				374661C82BBBB2BB005D9806 /* CFStorage.c */,
				374661C92BBBB2BB005D9806 /* CFStorage.h */,
				374661CA2BBBB2BB005D9806 /* CFStream.c */,
				374661CB2BBBB2BB005D9806 /* CFStream.h */,
				374661CC2BBBB2BB005D9806 /* CFStreamAbstract.h */,
				374661CD2BBBB2BB005D9806 /* CFStreamInternal.h */,
				374661CE2BBBB2BB005D9806 /* CFStreamPriv.h */,
				374661CF2BBBB2BB005D9806 /* CFString.c */,
				374661D02BBBB2BB005D9806 /* CFString.h */,
				374661D12BBBB2BB005D9806 /* CFStringDefaultEncoding.h */,
				374661D22BBBB2BB005D9806 /* CFStringEncodingConverter.c */,
				374661D32BBBB2BB005D9806 /* CFStringEncodingConverter.h */,
				374661D42BBBB2BB005D9806 /* CFStringEncodingConverterExt.h */,
				374661D52BBBB2BB005D9806 /* CFStringEncodingConverterPriv.h */,
				374661D62BBBB2BB005D9806 /* CFStringEncodingDatabase.c */,
				374661D72BBBB2BB005D9806 /* CFStringEncodingDatabase.h */,
				374661D82BBBB2BB005D9806 /* CFStringEncodingExt.h */,
				374661D92BBBB2BB005D9806 /* CFStringEncodings.c */,
				374661DA2BBBB2BB005D9806 /* CFStringScanner.c */,
				374661DB2BBBB2BB005D9806 /* CFStringUtilities.c */,
				374661DC2BBBB2BB005D9806 /* CFSystemDirectories.c */,
				374661DD2BBBB2BB005D9806 /* CFTimeZone.c */,
				374661DE2BBBB2BB005D9806 /* CFTimeZone.h */,
				374661DF2BBBB2BB005D9806 /* CFTree.c */,
				374661E02BBBB2BB005D9806 /* CFTree.h */,
				374661E12BBBB2BB005D9806 /* CFUniChar.c */,
				374661E22BBBB2BB005D9806 /* CFUniChar.h */,
				374661E32BBBB2BB005D9806 /* CFUniCharPriv.h */,
				374661E42BBBB2BB005D9806 /* CFUniCharPropertyDatabase.data */,
				374661E52BBBB2BB005D9806 /* CFUnicodeData-B.mapping */,
				374661E62BBBB2BB005D9806 /* CFUnicodeData-L.mapping */,
				374661E72BBBB2BB005D9806 /* CFUnicodeDecomposition.c */,
				374661E82BBBB2BB005D9806 /* CFUnicodeDecomposition.h */,
				374661E92BBBB2BB005D9806 /* CFUnicodePrecomposition.c */,
				374661EA2BBBB2BB005D9806 /* CFUnicodePrecomposition.h */,
				374661EB2BBBB2BB005D9806 /* CFURL.c */,
				374661EC2BBBB2BB005D9806 /* CFURL.h */,
				374661ED2BBBB2BB005D9806 /* CFURL.inc.h */,
				374661EE2BBBB2BB005D9806 /* CFURLAccess.c */,
				374661EF2BBBB2BB005D9806 /* CFURLAccess.h */,
				374661F02BBBB2BB005D9806 /* CFURLPriv.h */,
				374661F12BBBB2BB005D9806 /* CFUserNotification.c */,
				374661F22BBBB2BB005D9806 /* CFUserNotification.h */,
				374661F32BBBB2BB005D9806 /* CFUtilities.c */,
				374661F42BBBB2BB005D9806 /* CFUtilities.h */,
				374661F52BBBB2BB005D9806 /* CFUUID.c */,
				374661F62BBBB2BB005D9806 /* CFUUID.h */,
				374661F72BBBB2BB005D9806 /* CFVersion.c */,
				374661F82BBBB2BB005D9806 /* CFWindowsUtilities.c */,
				374661F92BBBB2BB005D9806 /* CFXMLInputStream.c */,
				374661FA2BBBB2BB005D9806 /* CFXMLInputStream.h */,
				374661FB2BBBB2BB005D9806 /* CFXMLNode.c */,
				374661FC2BBBB2BB005D9806 /* CFXMLNode.h */,
				374661FD2BBBB2BB005D9806 /* CFXMLParser.c */,
				374661FE2BBBB2BB005D9806 /* CFXMLParser.h */,
				374661FF2BBBB2BB005D9806 /* CFXMLPreferencesDomain.c */,
				374662002BBBB2BB005D9806 /* CFXMLTree.c */,
				374662012BBBB2BB005D9806 /* CoreFoundation_Prefix.h */,
				374662022BBBB2BB005D9806 /* CoreFoundation.h */,
				374662032BBBB2BB005D9806 /* ForFoundationOnly.h */,
				374662042BBBB2BB005D9806 /* Info.plist */,
				374662052BBBB2BB005D9806 /* Makefile */,
				374662062BBBB2BB005D9806 /* MakefileLinux */,
				374662072BBBB2BB005D9806 /* MakefileVersion */,
				374662082BBBB2BB005D9806 /* plconvert.c */,
				374662092BBBB2BB005D9806 /* PropertyList.dtd */,
				3746620A2BBBB2BB005D9806 /* README_CFLITE */,
				3746620B2BBBB2BB005D9806 /* SymbolAliases */,
				3746620C2BBBB2BB005D9806 /* TargetConditionals.h */,
			);
			path = "CF-CF-1153.18";
			sourceTree = "<group>";
		};
		EE5D71362662822000DC0FA6 = {
			isa = PBXGroup;
			children = (
				EE5D71412662822000DC0FA6 /* Runloop */,
				EE5D71402662822000DC0FA6 /* Products */,
			);
			sourceTree = "<group>";
		};
		EE5D71402662822000DC0FA6 /* Products */ = {
			isa = PBXGroup;
			children = (
				EE5D713F2662822000DC0FA6 /* Runloop.app */,
			);
			name = Products;
			sourceTree = "<group>";
		};
		EE5D71412662822000DC0FA6 /* Runloop */ = {
			isa = PBXGroup;
			children = (
				EE166909268D4E410068EBD5 /* README.md */,
				EEE116802663246B0010107E /* advance-use */,
				EEE1167F266324490010107E /* common-use */,
				EEE1167E266324120010107E /* ignore */,
				EEBE48E5266283CC00732E0C /* CFRunLoop.c */,
				EEBE48E6266283CC00732E0C /* CFRunLoop.h */,
				EEE99290299E345B00E4A9A3 /* MPPerson.h */,
				EEE99291299E345B00E4A9A3 /* MPPerson.m */,
				EE5D71482662822000DC0FA6 /* ViewController.h */,
				EE5D71492662822000DC0FA6 /* ViewController.m */,
				374660622BBBA84B005D9806 /* MyPlayground.playground */,
			);
			path = Runloop;
			sourceTree = "<group>";
		};
		EEE1167E266324120010107E /* ignore */ = {
			isa = PBXGroup;
			children = (
				3746620D2BBBB2BB005D9806 /* CF-CF-1153.18 */,
				EE5D714B2662822000DC0FA6 /* Main.storyboard */,
				EE5D714E2662822000DC0FA6 /* Assets.xcassets */,
				EE5D71502662822000DC0FA6 /* LaunchScreen.storyboard */,
				EE5D71532662822000DC0FA6 /* Info.plist */,
				EE5D71542662822000DC0FA6 /* main.m */,
				EE5D71422662822000DC0FA6 /* AppDelegate.h */,
				EE5D71432662822000DC0FA6 /* AppDelegate.m */,
				EE5D71452662822000DC0FA6 /* SceneDelegate.h */,
				EE5D71462662822000DC0FA6 /* SceneDelegate.m */,
				EEE99293299FA92600E4A9A3 /* Block.h */,
				EEE99294299FA92600E4A9A3 /* Block.m */,
				EEE99296299FA95800E4A9A3 /* BaseItem.h */,
				EEE99297299FA95800E4A9A3 /* BaseItem.m */,
				EEE9929C29A727B000E4A9A3 /* Runloop.h */,
				EEE9929D29A727B000E4A9A3 /* Runloop.m */,
			);
			path = ignore;
			sourceTree = "<group>";
		};
		EEE1167F266324490010107E /* common-use */ = {
			isa = PBXGroup;
			children = (
				EEBE48E82662894100732E0C /* MPThread.h */,
				EEBE48E92662894100732E0C /* MPThread.m */,
			);
			path = "common-use";
			sourceTree = "<group>";
		};
		EEE116802663246B0010107E /* advance-use */ = {
			isa = PBXGroup;
			children = (
				EEE1167D266323D30010107E /* base.h */,
				EEE11681266324B30010107E /* MPLRSource.h */,
				EEE11682266324B30010107E /* MPLRSource.m */,
				EE2189D9268E9E17006D57B6 /* MPRunloopObserver.h */,
				EE2189DA268E9E17006D57B6 /* MPRunloopObserver.m */,
			);
			path = "advance-use";
			sourceTree = "<group>";
		};
/* End PBXGroup section */

/* Begin PBXNativeTarget section */
		EE5D713E2662822000DC0FA6 /* Runloop */ = {
			isa = PBXNativeTarget;
			buildConfigurationList = EE5D71582662822000DC0FA6 /* Build configuration list for PBXNativeTarget "Runloop" */;
			buildPhases = (
				EE5D713B2662822000DC0FA6 /* Sources */,
				EE5D713C2662822000DC0FA6 /* Frameworks */,
				EE5D713D2662822000DC0FA6 /* Resources */,
			);
			buildRules = (
			);
			dependencies = (
			);
			name = Runloop;
			productName = Runloop;
			productReference = EE5D713F2662822000DC0FA6 /* Runloop.app */;
			productType = "com.apple.product-type.application";
		};
/* End PBXNativeTarget section */

/* Begin PBXProject section */
		EE5D71372662822000DC0FA6 /* Project object */ = {
			isa = PBXProject;
			attributes = {
				LastUpgradeCheck = 1250;
				TargetAttributes = {
					EE5D713E2662822000DC0FA6 = {
						CreatedOnToolsVersion = 12.5;
					};
				};
			};
			buildConfigurationList = EE5D713A2662822000DC0FA6 /* Build configuration list for PBXProject "Runloop" */;
			compatibilityVersion = "Xcode 9.3";
			developmentRegion = en;
			hasScannedForEncodings = 0;
			knownRegions = (
				en,
				Base,
			);
			mainGroup = EE5D71362662822000DC0FA6;
			productRefGroup = EE5D71402662822000DC0FA6 /* Products */;
			projectDirPath = "";
			projectRoot = "";
			targets = (
				EE5D713E2662822000DC0FA6 /* Runloop */,
			);
		};
/* End PBXProject section */

/* Begin PBXResourcesBuildPhase section */
		EE5D713D2662822000DC0FA6 /* Resources */ = {
			isa = PBXResourcesBuildPhase;
			buildActionMask = 2147483647;
			files = (
				EE5D71522662822000DC0FA6 /* LaunchScreen.storyboard in Resources */,
				EE5D714F2662822000DC0FA6 /* Assets.xcassets in Resources */,
				EE5D714D2662822000DC0FA6 /* Main.storyboard in Resources */,
			);
			runOnlyForDeploymentPostprocessing = 0;
		};
/* End PBXResourcesBuildPhase section */

/* Begin PBXSourcesBuildPhase section */
		EE5D713B2662822000DC0FA6 /* Sources */ = {
			isa = PBXSourcesBuildPhase;
			buildActionMask = 2147483647;
			files = (
				EE5D714A2662822000DC0FA6 /* ViewController.m in Sources */,
				EEE99292299E345B00E4A9A3 /* MPPerson.m in Sources */,
				EE5D71442662822000DC0FA6 /* AppDelegate.m in Sources */,
				EE5D71552662822000DC0FA6 /* main.m in Sources */,
				EE2189DB268E9E17006D57B6 /* MPRunloopObserver.m in Sources */,
				EEE11683266324B30010107E /* MPLRSource.m in Sources */,
				EEE99295299FA92600E4A9A3 /* Block.m in Sources */,
				EEE99298299FA95800E4A9A3 /* BaseItem.m in Sources */,
				EE5D71472662822000DC0FA6 /* SceneDelegate.m in Sources */,
				EEE9929E29A727B000E4A9A3 /* Runloop.m in Sources */,
				EEBE48EA2662894100732E0C /* MPThread.m in Sources */,
			);
			runOnlyForDeploymentPostprocessing = 0;
		};
/* End PBXSourcesBuildPhase section */

/* Begin PBXVariantGroup section */
		EE5D714B2662822000DC0FA6 /* Main.storyboard */ = {
			isa = PBXVariantGroup;
			children = (
				EE5D714C2662822000DC0FA6 /* Base */,
			);
			name = Main.storyboard;
			sourceTree = "<group>";
		};
		EE5D71502662822000DC0FA6 /* LaunchScreen.storyboard */ = {
			isa = PBXVariantGroup;
			children = (
				EE5D71512662822000DC0FA6 /* Base */,
			);
			name = LaunchScreen.storyboard;
			sourceTree = "<group>";
		};
/* End PBXVariantGroup section */

/* Begin XCBuildConfiguration section */
		EE5D71562662822000DC0FA6 /* Debug */ = {
			isa = XCBuildConfiguration;
			buildSettings = {
				ALWAYS_SEARCH_USER_PATHS = NO;
				CLANG_ANALYZER_NONNULL = YES;
				CLANG_ANALYZER_NUMBER_OBJECT_CONVERSION = YES_AGGRESSIVE;
				CLANG_CXX_LANGUAGE_STANDARD = "gnu++14";
				CLANG_CXX_LIBRARY = "libc++";
				CLANG_ENABLE_MODULES = YES;
				CLANG_ENABLE_OBJC_ARC = YES;
				CLANG_ENABLE_OBJC_WEAK = YES;
				CLANG_WARN_BLOCK_CAPTURE_AUTORELEASING = YES;
				CLANG_WARN_BOOL_CONVERSION = YES;
				CLANG_WARN_COMMA = YES;
				CLANG_WARN_CONSTANT_CONVERSION = YES;
				CLANG_WARN_DEPRECATED_OBJC_IMPLEMENTATIONS = YES;
				CLANG_WARN_DIRECT_OBJC_ISA_USAGE = YES_ERROR;
				CLANG_WARN_DOCUMENTATION_COMMENTS = YES;
				CLANG_WARN_EMPTY_BODY = YES;
				CLANG_WARN_ENUM_CONVERSION = YES;
				CLANG_WARN_INFINITE_RECURSION = YES;
				CLANG_WARN_INT_CONVERSION = YES;
				CLANG_WARN_NON_LITERAL_NULL_CONVERSION = YES;
				CLANG_WARN_OBJC_IMPLICIT_RETAIN_SELF = YES;
				CLANG_WARN_OBJC_LITERAL_CONVERSION = YES;
				CLANG_WARN_OBJC_ROOT_CLASS = YES_ERROR;
				CLANG_WARN_QUOTED_INCLUDE_IN_FRAMEWORK_HEADER = YES;
				CLANG_WARN_RANGE_LOOP_ANALYSIS = YES;
				CLANG_WARN_STRICT_PROTOTYPES = YES;
				CLANG_WARN_SUSPICIOUS_MOVE = YES;
				CLANG_WARN_UNGUARDED_AVAILABILITY = YES_AGGRESSIVE;
				CLANG_WARN_UNREACHABLE_CODE = YES;
				CLANG_WARN__DUPLICATE_METHOD_MATCH = YES;
				COPY_PHASE_STRIP = NO;
				DEBUG_INFORMATION_FORMAT = dwarf;
				ENABLE_STRICT_OBJC_MSGSEND = YES;
				ENABLE_TESTABILITY = YES;
				GCC_C_LANGUAGE_STANDARD = gnu11;
				GCC_DYNAMIC_NO_PIC = NO;
				GCC_NO_COMMON_BLOCKS = YES;
				GCC_OPTIMIZATION_LEVEL = 0;
				GCC_PREPROCESSOR_DEFINITIONS = (
					"DEBUG=1",
					"$(inherited)",
				);
				GCC_WARN_64_TO_32_BIT_CONVERSION = YES;
				GCC_WARN_ABOUT_RETURN_TYPE = YES_ERROR;
				GCC_WARN_UNDECLARED_SELECTOR = YES;
				GCC_WARN_UNINITIALIZED_AUTOS = YES_AGGRESSIVE;
				GCC_WARN_UNUSED_FUNCTION = YES;
				GCC_WARN_UNUSED_VARIABLE = YES;
				IPHONEOS_DEPLOYMENT_TARGET = 14.5;
				MTL_ENABLE_DEBUG_INFO = INCLUDE_SOURCE;
				MTL_FAST_MATH = YES;
				ONLY_ACTIVE_ARCH = YES;
				SDKROOT = iphoneos;
			};
			name = Debug;
		};
		EE5D71572662822000DC0FA6 /* Release */ = {
			isa = XCBuildConfiguration;
			buildSettings = {
				ALWAYS_SEARCH_USER_PATHS = NO;
				CLANG_ANALYZER_NONNULL = YES;
				CLANG_ANALYZER_NUMBER_OBJECT_CONVERSION = YES_AGGRESSIVE;
				CLANG_CXX_LANGUAGE_STANDARD = "gnu++14";
				CLANG_CXX_LIBRARY = "libc++";
				CLANG_ENABLE_MODULES = YES;
				CLANG_ENABLE_OBJC_ARC = YES;
				CLANG_ENABLE_OBJC_WEAK = YES;
				CLANG_WARN_BLOCK_CAPTURE_AUTORELEASING = YES;
				CLANG_WARN_BOOL_CONVERSION = YES;
				CLANG_WARN_COMMA = YES;
				CLANG_WARN_CONSTANT_CONVERSION = YES;
				CLANG_WARN_DEPRECATED_OBJC_IMPLEMENTATIONS = YES;
				CLANG_WARN_DIRECT_OBJC_ISA_USAGE = YES_ERROR;
				CLANG_WARN_DOCUMENTATION_COMMENTS = YES;
				CLANG_WARN_EMPTY_BODY = YES;
				CLANG_WARN_ENUM_CONVERSION = YES;
				CLANG_WARN_INFINITE_RECURSION = YES;
				CLANG_WARN_INT_CONVERSION = YES;
				CLANG_WARN_NON_LITERAL_NULL_CONVERSION = YES;
				CLANG_WARN_OBJC_IMPLICIT_RETAIN_SELF = YES;
				CLANG_WARN_OBJC_LITERAL_CONVERSION = YES;
				CLANG_WARN_OBJC_ROOT_CLASS = YES_ERROR;
				CLANG_WARN_QUOTED_INCLUDE_IN_FRAMEWORK_HEADER = YES;
				CLANG_WARN_RANGE_LOOP_ANALYSIS = YES;
				CLANG_WARN_STRICT_PROTOTYPES = YES;
				CLANG_WARN_SUSPICIOUS_MOVE = YES;
				CLANG_WARN_UNGUARDED_AVAILABILITY = YES_AGGRESSIVE;
				CLANG_WARN_UNREACHABLE_CODE = YES;
				CLANG_WARN__DUPLICATE_METHOD_MATCH = YES;
				COPY_PHASE_STRIP = NO;
				DEBUG_INFORMATION_FORMAT = "dwarf-with-dsym";
				ENABLE_NS_ASSERTIONS = NO;
				ENABLE_STRICT_OBJC_MSGSEND = YES;
				GCC_C_LANGUAGE_STANDARD = gnu11;
				GCC_NO_COMMON_BLOCKS = YES;
				GCC_WARN_64_TO_32_BIT_CONVERSION = YES;
				GCC_WARN_ABOUT_RETURN_TYPE = YES_ERROR;
				GCC_WARN_UNDECLARED_SELECTOR = YES;
				GCC_WARN_UNINITIALIZED_AUTOS = YES_AGGRESSIVE;
				GCC_WARN_UNUSED_FUNCTION = YES;
				GCC_WARN_UNUSED_VARIABLE = YES;
				IPHONEOS_DEPLOYMENT_TARGET = 14.5;
				MTL_ENABLE_DEBUG_INFO = NO;
				MTL_FAST_MATH = YES;
				SDKROOT = iphoneos;
				VALIDATE_PRODUCT = YES;
			};
			name = Release;
		};
		EE5D71592662822000DC0FA6 /* Debug */ = {
			isa = XCBuildConfiguration;
			buildSettings = {
				ASSETCATALOG_COMPILER_APPICON_NAME = AppIcon;
				ASSETCATALOG_COMPILER_GLOBAL_ACCENT_COLOR_NAME = AccentColor;
				CODE_SIGN_STYLE = Automatic;
				DEVELOPMENT_TEAM = Z8EUCPDPCX;
				INFOPLIST_FILE = Runloop/ignore/Info.plist;
				IPHONEOS_DEPLOYMENT_TARGET = 13.0;
				LD_RUNPATH_SEARCH_PATHS = (
					"$(inherited)",
					"@executable_path/Frameworks",
				);
				PRODUCT_BUNDLE_IDENTIFIER = com.warmap.Runloop;
				PRODUCT_NAME = "$(TARGET_NAME)";
				TARGETED_DEVICE_FAMILY = "1,2";
			};
			name = Debug;
		};
		EE5D715A2662822000DC0FA6 /* Release */ = {
			isa = XCBuildConfiguration;
			buildSettings = {
				ASSETCATALOG_COMPILER_APPICON_NAME = AppIcon;
				ASSETCATALOG_COMPILER_GLOBAL_ACCENT_COLOR_NAME = AccentColor;
				CODE_SIGN_STYLE = Automatic;
				DEVELOPMENT_TEAM = Z8EUCPDPCX;
				INFOPLIST_FILE = Runloop/ignore/Info.plist;
				IPHONEOS_DEPLOYMENT_TARGET = 13.0;
				LD_RUNPATH_SEARCH_PATHS = (
					"$(inherited)",
					"@executable_path/Frameworks",
				);
				PRODUCT_BUNDLE_IDENTIFIER = com.warmap.Runloop;
				PRODUCT_NAME = "$(TARGET_NAME)";
				TARGETED_DEVICE_FAMILY = "1,2";
			};
			name = Release;
		};
/* End XCBuildConfiguration section */

/* Begin XCConfigurationList section */
		EE5D713A2662822000DC0FA6 /* Build configuration list for PBXProject "Runloop" */ = {
			isa = XCConfigurationList;
			buildConfigurations = (
				EE5D71562662822000DC0FA6 /* Debug */,
				EE5D71572662822000DC0FA6 /* Release */,
			);
			defaultConfigurationIsVisible = 0;
			defaultConfigurationName = Release;
		};
		EE5D71582662822000DC0FA6 /* Build configuration list for PBXNativeTarget "Runloop" */ = {
			isa = XCConfigurationList;
			buildConfigurations = (
				EE5D71592662822000DC0FA6 /* Debug */,
				EE5D715A2662822000DC0FA6 /* Release */,
			);
			defaultConfigurationIsVisible = 0;
			defaultConfigurationName = Release;
		};
/* End XCConfigurationList section */
	};
	rootObject = EE5D71372662822000DC0FA6 /* Project object */;
}
