// !$*UTF8*$!
{
	archiveVersion = 1;
	classes = {
	};
	objectVersion = 50;
	objects = {

/* Begin PBXBuildFile section */
		EE0F998926AED9020051A4EC /* Star.m in Sources */ = {isa = PBXBuildFile; fileRef = EE0F998826AED9020051A4EC /* Star.m */; };
		EEFABABD26AEB7CB004F074E /* AppDelegate.m in Sources */ = {isa = PBXBuildFile; fileRef = EEFABABC26AEB7CA004F074E /* AppDelegate.m */; };
		EEFABAC026AEB7CB004F074E /* SceneDelegate.m in Sources */ = {isa = PBXBuildFile; fileRef = EEFABABF26AEB7CB004F074E /* SceneDelegate.m */; };
		EEFABAC326AEB7CB004F074E /* ViewController.m in Sources */ = {isa = PBXBuildFile; fileRef = EEFABAC226AEB7CB004F074E /* ViewController.m */; };
		EEFABAC626AEB7CB004F074E /* Main.storyboard in Resources */ = {isa = PBXBuildFile; fileRef = EEFABAC426AEB7CB004F074E /* Main.storyboard */; };
		EEFABAC826AEB7CD004F074E /* Assets.xcassets in Resources */ = {isa = PBXBuildFile; fileRef = EEFABAC726AEB7CD004F074E /* Assets.xcassets */; };
		EEFABACB26AEB7CD004F074E /* LaunchScreen.storyboard in Resources */ = {isa = PBXBuildFile; fileRef = EEFABAC926AEB7CD004F074E /* LaunchScreen.storyboard */; };
		EEFABACE26AEB7CD004F074E /* main.m in Sources */ = {isa = PBXBuildFile; fileRef = EEFABACD26AEB7CD004F074E /* main.m */; };
/* End PBXBuildFile section */

/* Begin PBXFileReference section */
		EE0F998726AED9020051A4EC /* Star.h */ = {isa = PBXFileReference; lastKnownFileType = sourcecode.c.h; path = Star.h; sourceTree = "<group>"; };
		EE0F998826AED9020051A4EC /* Star.m */ = {isa = PBXFileReference; lastKnownFileType = sourcecode.c.objc; path = Star.m; sourceTree = "<group>"; };
		EEFABAB826AEB7CA004F074E /* Thread.app */ = {isa = PBXFileReference; explicitFileType = wrapper.application; includeInIndex = 0; path = Thread.app; sourceTree = BUILT_PRODUCTS_DIR; };
		EEFABABB26AEB7CA004F074E /* AppDelegate.h */ = {isa = PBXFileReference; lastKnownFileType = sourcecode.c.h; path = AppDelegate.h; sourceTree = "<group>"; };
		EEFABABC26AEB7CA004F074E /* AppDelegate.m */ = {isa = PBXFileReference; lastKnownFileType = sourcecode.c.objc; path = AppDelegate.m; sourceTree = "<group>"; };
		EEFABABE26AEB7CB004F074E /* SceneDelegate.h */ = {isa = PBXFileReference; lastKnownFileType = sourcecode.c.h; path = SceneDelegate.h; sourceTree = "<group>"; };
		EEFABABF26AEB7CB004F074E /* SceneDelegate.m */ = {isa = PBXFileReference; lastKnownFileType = sourcecode.c.objc; path = SceneDelegate.m; sourceTree = "<group>"; };
		EEFABAC126AEB7CB004F074E /* ViewController.h */ = {isa = PBXFileReference; lastKnownFileType = sourcecode.c.h; path = ViewController.h; sourceTree = "<group>"; };
		EEFABAC226AEB7CB004F074E /* ViewController.m */ = {isa = PBXFileReference; lastKnownFileType = sourcecode.c.objc; path = ViewController.m; sourceTree = "<group>"; };
		EEFABAC526AEB7CB004F074E /* Base */ = {isa = PBXFileReference; lastKnownFileType = file.storyboard; name = Base; path = Base.lproj/Main.storyboard; sourceTree = "<group>"; };
		EEFABAC726AEB7CD004F074E /* Assets.xcassets */ = {isa = PBXFileReference; lastKnownFileType = folder.assetcatalog; path = Assets.xcassets; sourceTree = "<group>"; };
		EEFABACA26AEB7CD004F074E /* Base */ = {isa = PBXFileReference; lastKnownFileType = file.storyboard; name = Base; path = Base.lproj/LaunchScreen.storyboard; sourceTree = "<group>"; };
		EEFABACC26AEB7CD004F074E /* Info.plist */ = {isa = PBXFileReference; lastKnownFileType = text.plist.xml; path = Info.plist; sourceTree = "<group>"; };
		EEFABACD26AEB7CD004F074E /* main.m */ = {isa = PBXFileReference; lastKnownFileType = sourcecode.c.objc; path = main.m; sourceTree = "<group>"; };
/* End PBXFileReference section */

/* Begin PBXFrameworksBuildPhase section */
		EEFABAB526AEB7CA004F074E /* Frameworks */ = {
			isa = PBXFrameworksBuildPhase;
			buildActionMask = 2147483647;
			files = (
			);
			runOnlyForDeploymentPostprocessing = 0;
		};
/* End PBXFrameworksBuildPhase section */

/* Begin PBXGroup section */
		EEFABAAF26AEB7CA004F074E = {
			isa = PBXGroup;
			children = (
				EEFABABA26AEB7CA004F074E /* Thread */,
				EEFABAB926AEB7CA004F074E /* Products */,
			);
			sourceTree = "<group>";
		};
		EEFABAB926AEB7CA004F074E /* Products */ = {
			isa = PBXGroup;
			children = (
				EEFABAB826AEB7CA004F074E /* Thread.app */,
			);
			name = Products;
			sourceTree = "<group>";
		};
		EEFABABA26AEB7CA004F074E /* Thread */ = {
			isa = PBXGroup;
			children = (
				EEFABABB26AEB7CA004F074E /* AppDelegate.h */,
				EEFABABC26AEB7CA004F074E /* AppDelegate.m */,
				EEFABABE26AEB7CB004F074E /* SceneDelegate.h */,
				EEFABABF26AEB7CB004F074E /* SceneDelegate.m */,
				EEFABAC126AEB7CB004F074E /* ViewController.h */,
				EEFABAC226AEB7CB004F074E /* ViewController.m */,
				EEFABAC426AEB7CB004F074E /* Main.storyboard */,
				EEFABAC726AEB7CD004F074E /* Assets.xcassets */,
				EEFABAC926AEB7CD004F074E /* LaunchScreen.storyboard */,
				EEFABACC26AEB7CD004F074E /* Info.plist */,
				EEFABACD26AEB7CD004F074E /* main.m */,
				EE0F998726AED9020051A4EC /* Star.h */,
				EE0F998826AED9020051A4EC /* Star.m */,
			);
			path = Thread;
			sourceTree = "<group>";
		};
/* End PBXGroup section */

/* Begin PBXNativeTarget section */
		EEFABAB726AEB7CA004F074E /* Thread */ = {
			isa = PBXNativeTarget;
			buildConfigurationList = EEFABAD126AEB7CD004F074E /* Build configuration list for PBXNativeTarget "Thread" */;
			buildPhases = (
				EEFABAB426AEB7CA004F074E /* Sources */,
				EEFABAB526AEB7CA004F074E /* Frameworks */,
				EEFABAB626AEB7CA004F074E /* Resources */,
			);
			buildRules = (
			);
			dependencies = (
			);
			name = Thread;
			productName = Thread;
			productReference = EEFABAB826AEB7CA004F074E /* Thread.app */;
			productType = "com.apple.product-type.application";
		};
/* End PBXNativeTarget section */

/* Begin PBXProject section */
		EEFABAB026AEB7CA004F074E /* Project object */ = {
			isa = PBXProject;
			attributes = {
				LastUpgradeCheck = 1250;
				TargetAttributes = {
					EEFABAB726AEB7CA004F074E = {
						CreatedOnToolsVersion = 12.5;
					};
				};
			};
			buildConfigurationList = EEFABAB326AEB7CA004F074E /* Build configuration list for PBXProject "Thread" */;
			compatibilityVersion = "Xcode 9.3";
			developmentRegion = en;
			hasScannedForEncodings = 0;
			knownRegions = (
				en,
				Base,
			);
			mainGroup = EEFABAAF26AEB7CA004F074E;
			productRefGroup = EEFABAB926AEB7CA004F074E /* Products */;
			projectDirPath = "";
			projectRoot = "";
			targets = (
				EEFABAB726AEB7CA004F074E /* Thread */,
			);
		};
/* End PBXProject section */

/* Begin PBXResourcesBuildPhase section */
		EEFABAB626AEB7CA004F074E /* Resources */ = {
			isa = PBXResourcesBuildPhase;
			buildActionMask = 2147483647;
			files = (
				EEFABACB26AEB7CD004F074E /* LaunchScreen.storyboard in Resources */,
				EEFABAC826AEB7CD004F074E /* Assets.xcassets in Resources */,
				EEFABAC626AEB7CB004F074E /* Main.storyboard in Resources */,
			);
			runOnlyForDeploymentPostprocessing = 0;
		};
/* End PBXResourcesBuildPhase section */

/* Begin PBXSourcesBuildPhase section */
		EEFABAB426AEB7CA004F074E /* Sources */ = {
			isa = PBXSourcesBuildPhase;
			buildActionMask = 2147483647;
			files = (
				EE0F998926AED9020051A4EC /* Star.m in Sources */,
				EEFABAC326AEB7CB004F074E /* ViewController.m in Sources */,
				EEFABABD26AEB7CB004F074E /* AppDelegate.m in Sources */,
				EEFABACE26AEB7CD004F074E /* main.m in Sources */,
				EEFABAC026AEB7CB004F074E /* SceneDelegate.m in Sources */,
			);
			runOnlyForDeploymentPostprocessing = 0;
		};
/* End PBXSourcesBuildPhase section */

/* Begin PBXVariantGroup section */
		EEFABAC426AEB7CB004F074E /* Main.storyboard */ = {
			isa = PBXVariantGroup;
			children = (
				EEFABAC526AEB7CB004F074E /* Base */,
			);
			name = Main.storyboard;
			sourceTree = "<group>";
		};
		EEFABAC926AEB7CD004F074E /* LaunchScreen.storyboard */ = {
			isa = PBXVariantGroup;
			children = (
				EEFABACA26AEB7CD004F074E /* Base */,
			);
			name = LaunchScreen.storyboard;
			sourceTree = "<group>";
		};
/* End PBXVariantGroup section */

/* Begin XCBuildConfiguration section */
		EEFABACF26AEB7CD004F074E /* Debug */ = {
			isa = XCBuildConfiguration;
			buildSettings = {
				ALWAYS_SEARCH_USER_PATHS = NO;
				CLANG_ANALYZER_NONNULL = YES;
				CLANG_ANALYZER_NUMBER_OBJECT_CONVERSION = YES_AGGRESSIVE;
				CLANG_CXX_LANGUAGE_STANDARD = "gnu++14";
				CLANG_CXX_LIBRARY = "libc++";
				CLANG_ENABLE_MODULES = YES;
				CLANG_ENABLE_OBJC_ARC = YES;
				CLANG_ENABLE_OBJC_WEAK = YES;
				CLANG_WARN_BLOCK_CAPTURE_AUTORELEASING = YES;
				CLANG_WARN_BOOL_CONVERSION = YES;
				CLANG_WARN_COMMA = YES;
				CLANG_WARN_CONSTANT_CONVERSION = YES;
				CLANG_WARN_DEPRECATED_OBJC_IMPLEMENTATIONS = YES;
				CLANG_WARN_DIRECT_OBJC_ISA_USAGE = YES_ERROR;
				CLANG_WARN_DOCUMENTATION_COMMENTS = YES;
				CLANG_WARN_EMPTY_BODY = YES;
				CLANG_WARN_ENUM_CONVERSION = YES;
				CLANG_WARN_INFINITE_RECURSION = YES;
				CLANG_WARN_INT_CONVERSION = YES;
				CLANG_WARN_NON_LITERAL_NULL_CONVERSION = YES;
				CLANG_WARN_OBJC_IMPLICIT_RETAIN_SELF = YES;
				CLANG_WARN_OBJC_LITERAL_CONVERSION = YES;
				CLANG_WARN_OBJC_ROOT_CLASS = YES_ERROR;
				CLANG_WARN_QUOTED_INCLUDE_IN_FRAMEWORK_HEADER = YES;
				CLANG_WARN_RANGE_LOOP_ANALYSIS = YES;
				CLANG_WARN_STRICT_PROTOTYPES = YES;
				CLANG_WARN_SUSPICIOUS_MOVE = YES;
				CLANG_WARN_UNGUARDED_AVAILABILITY = YES_AGGRESSIVE;
				CLANG_WARN_UNREACHABLE_CODE = YES;
				CLANG_WARN__DUPLICATE_METHOD_MATCH = YES;
				COPY_PHASE_STRIP = NO;
				DEBUG_INFORMATION_FORMAT = dwarf;
				ENABLE_STRICT_OBJC_MSGSEND = YES;
				ENABLE_TESTABILITY = YES;
				GCC_C_LANGUAGE_STANDARD = gnu11;
				GCC_DYNAMIC_NO_PIC = NO;
				GCC_NO_COMMON_BLOCKS = YES;
				GCC_OPTIMIZATION_LEVEL = 0;
				GCC_PREPROCESSOR_DEFINITIONS = (
					"DEBUG=1",
					"$(inherited)",
				);
				GCC_WARN_64_TO_32_BIT_CONVERSION = YES;
				GCC_WARN_ABOUT_RETURN_TYPE = YES_ERROR;
				GCC_WARN_UNDECLARED_SELECTOR = YES;
				GCC_WARN_UNINITIALIZED_AUTOS = YES_AGGRESSIVE;
				GCC_WARN_UNUSED_FUNCTION = YES;
				GCC_WARN_UNUSED_VARIABLE = YES;
				IPHONEOS_DEPLOYMENT_TARGET = 14.5;
				MTL_ENABLE_DEBUG_INFO = INCLUDE_SOURCE;
				MTL_FAST_MATH = YES;
				ONLY_ACTIVE_ARCH = YES;
				SDKROOT = iphoneos;
			};
			name = Debug;
		};
		EEFABAD026AEB7CD004F074E /* Release */ = {
			isa = XCBuildConfiguration;
			buildSettings = {
				ALWAYS_SEARCH_USER_PATHS = NO;
				CLANG_ANALYZER_NONNULL = YES;
				CLANG_ANALYZER_NUMBER_OBJECT_CONVERSION = YES_AGGRESSIVE;
				CLANG_CXX_LANGUAGE_STANDARD = "gnu++14";
				CLANG_CXX_LIBRARY = "libc++";
				CLANG_ENABLE_MODULES = YES;
				CLANG_ENABLE_OBJC_ARC = YES;
				CLANG_ENABLE_OBJC_WEAK = YES;
				CLANG_WARN_BLOCK_CAPTURE_AUTORELEASING = YES;
				CLANG_WARN_BOOL_CONVERSION = YES;
				CLANG_WARN_COMMA = YES;
				CLANG_WARN_CONSTANT_CONVERSION = YES;
				CLANG_WARN_DEPRECATED_OBJC_IMPLEMENTATIONS = YES;
				CLANG_WARN_DIRECT_OBJC_ISA_USAGE = YES_ERROR;
				CLANG_WARN_DOCUMENTATION_COMMENTS = YES;
				CLANG_WARN_EMPTY_BODY = YES;
				CLANG_WARN_ENUM_CONVERSION = YES;
				CLANG_WARN_INFINITE_RECURSION = YES;
				CLANG_WARN_INT_CONVERSION = YES;
				CLANG_WARN_NON_LITERAL_NULL_CONVERSION = YES;
				CLANG_WARN_OBJC_IMPLICIT_RETAIN_SELF = YES;
				CLANG_WARN_OBJC_LITERAL_CONVERSION = YES;
				CLANG_WARN_OBJC_ROOT_CLASS = YES_ERROR;
				CLANG_WARN_QUOTED_INCLUDE_IN_FRAMEWORK_HEADER = YES;
				CLANG_WARN_RANGE_LOOP_ANALYSIS = YES;
				CLANG_WARN_STRICT_PROTOTYPES = YES;
				CLANG_WARN_SUSPICIOUS_MOVE = YES;
				CLANG_WARN_UNGUARDED_AVAILABILITY = YES_AGGRESSIVE;
				CLANG_WARN_UNREACHABLE_CODE = YES;
				CLANG_WARN__DUPLICATE_METHOD_MATCH = YES;
				COPY_PHASE_STRIP = NO;
				DEBUG_INFORMATION_FORMAT = "dwarf-with-dsym";
				ENABLE_NS_ASSERTIONS = NO;
				ENABLE_STRICT_OBJC_MSGSEND = YES;
				GCC_C_LANGUAGE_STANDARD = gnu11;
				GCC_NO_COMMON_BLOCKS = YES;
				GCC_WARN_64_TO_32_BIT_CONVERSION = YES;
				GCC_WARN_ABOUT_RETURN_TYPE = YES_ERROR;
				GCC_WARN_UNDECLARED_SELECTOR = YES;
				GCC_WARN_UNINITIALIZED_AUTOS = YES_AGGRESSIVE;
				GCC_WARN_UNUSED_FUNCTION = YES;
				GCC_WARN_UNUSED_VARIABLE = YES;
				IPHONEOS_DEPLOYMENT_TARGET = 14.5;
				MTL_ENABLE_DEBUG_INFO = NO;
				MTL_FAST_MATH = YES;
				SDKROOT = iphoneos;
				VALIDATE_PRODUCT = YES;
			};
			name = Release;
		};
		EEFABAD226AEB7CD004F074E /* Debug */ = {
			isa = XCBuildConfiguration;
			buildSettings = {
				ASSETCATALOG_COMPILER_APPICON_NAME = AppIcon;
				ASSETCATALOG_COMPILER_GLOBAL_ACCENT_COLOR_NAME = AccentColor;
				CODE_SIGN_STYLE = Automatic;
				DEVELOPMENT_TEAM = LKCW77FR7A;
				INFOPLIST_FILE = Thread/Info.plist;
				IPHONEOS_DEPLOYMENT_TARGET = 13.4;
				LD_RUNPATH_SEARCH_PATHS = (
					"$(inherited)",
					"@executable_path/Frameworks",
				);
				PRODUCT_BUNDLE_IDENTIFIER = com.warmap.Thread;
				PRODUCT_NAME = "$(TARGET_NAME)";
				TARGETED_DEVICE_FAMILY = "1,2";
			};
			name = Debug;
		};
		EEFABAD326AEB7CD004F074E /* Release */ = {
			isa = XCBuildConfiguration;
			buildSettings = {
				ASSETCATALOG_COMPILER_APPICON_NAME = AppIcon;
				ASSETCATALOG_COMPILER_GLOBAL_ACCENT_COLOR_NAME = AccentColor;
				CODE_SIGN_STYLE = Automatic;
				DEVELOPMENT_TEAM = LKCW77FR7A;
				INFOPLIST_FILE = Thread/Info.plist;
				IPHONEOS_DEPLOYMENT_TARGET = 13.4;
				LD_RUNPATH_SEARCH_PATHS = (
					"$(inherited)",
					"@executable_path/Frameworks",
				);
				PRODUCT_BUNDLE_IDENTIFIER = com.warmap.Thread;
				PRODUCT_NAME = "$(TARGET_NAME)";
				TARGETED_DEVICE_FAMILY = "1,2";
			};
			name = Release;
		};
/* End XCBuildConfiguration section */

/* Begin XCConfigurationList section */
		EEFABAB326AEB7CA004F074E /* Build configuration list for PBXProject "Thread" */ = {
			isa = XCConfigurationList;
			buildConfigurations = (
				EEFABACF26AEB7CD004F074E /* Debug */,
				EEFABAD026AEB7CD004F074E /* Release */,
			);
			defaultConfigurationIsVisible = 0;
			defaultConfigurationName = Release;
		};
		EEFABAD126AEB7CD004F074E /* Build configuration list for PBXNativeTarget "Thread" */ = {
			isa = XCConfigurationList;
			buildConfigurations = (
				EEFABAD226AEB7CD004F074E /* Debug */,
				EEFABAD326AEB7CD004F074E /* Release */,
			);
			defaultConfigurationIsVisible = 0;
			defaultConfigurationName = Release;
		};
/* End XCConfigurationList section */
	};
	rootObject = EEFABAB026AEB7CA004F074E /* Project object */;
}
