// !$*UTF8*$!
{
	archiveVersion = 1;
	classes = {
	};
	objectVersion = 50;
	objects = {

/* Begin PBXBuildFile section */
		EE0ED39C271A69BF00FE6032 /* Permute.m in Sources */ = {isa = PBXBuildFile; fileRef = EE0ED39B271A69BF00FE6032 /* Permute.m */; };
		EE0ED3A1271AA25200FE6032 /* Canjump.m in Sources */ = {isa = PBXBuildFile; fileRef = EE0ED3A0271AA25200FE6032 /* Canjump.m */; };
		EE271C5526E3513500B384BF /* AppDelegate.m in Sources */ = {isa = PBXBuildFile; fileRef = EE271C5426E3513500B384BF /* AppDelegate.m */; };
		EE271C5826E3513500B384BF /* SceneDelegate.m in Sources */ = {isa = PBXBuildFile; fileRef = EE271C5726E3513500B384BF /* SceneDelegate.m */; };
		EE271C5B26E3513500B384BF /* ViewController.m in Sources */ = {isa = PBXBuildFile; fileRef = EE271C5A26E3513500B384BF /* ViewController.m */; };
		EE271C5E26E3513500B384BF /* Main.storyboard in Resources */ = {isa = PBXBuildFile; fileRef = EE271C5C26E3513500B384BF /* Main.storyboard */; };
		EE271C6026E3513600B384BF /* Assets.xcassets in Resources */ = {isa = PBXBuildFile; fileRef = EE271C5F26E3513600B384BF /* Assets.xcassets */; };
		EE271C6326E3513600B384BF /* LaunchScreen.storyboard in Resources */ = {isa = PBXBuildFile; fileRef = EE271C6126E3513600B384BF /* LaunchScreen.storyboard */; };
		EE271C6626E3513600B384BF /* main.m in Sources */ = {isa = PBXBuildFile; fileRef = EE271C6526E3513600B384BF /* main.m */; };
		EE271C6E26E351D200B384BF /* LRU.m in Sources */ = {isa = PBXBuildFile; fileRef = EE271C6D26E351D200B384BF /* LRU.m */; };
		EE271C7126E364AA00B384BF /* List.m in Sources */ = {isa = PBXBuildFile; fileRef = EE271C7026E364AA00B384BF /* List.m */; };
		EE271C7426E492A500B384BF /* Search.m in Sources */ = {isa = PBXBuildFile; fileRef = EE271C7326E492A500B384BF /* Search.m */; };
		EE27616726E5ABE200B384BF /* BinaryTree.m in Sources */ = {isa = PBXBuildFile; fileRef = EE27616626E5ABE200B384BF /* BinaryTree.m */; };
		EE28DADA2717BB2800EEE23E /* RobRoom.m in Sources */ = {isa = PBXBuildFile; fileRef = EE28DAD92717BB2800EEE23E /* RobRoom.m */; };
		EE5068C92719AD6B00A94209 /* RemoveNthFromEnd.m in Sources */ = {isa = PBXBuildFile; fileRef = EE5068C82719AD6B00A94209 /* RemoveNthFromEnd.m */; };
		EE5068D22719ADCB00A94209 /* Algorithm.m in Sources */ = {isa = PBXBuildFile; fileRef = EE5068D12719ADCB00A94209 /* Algorithm.m */; };
		EE5068D82719BA5900A94209 /* SearchRange.m in Sources */ = {isa = PBXBuildFile; fileRef = EE5068D72719BA5900A94209 /* SearchRange.m */; };
		EE5068DC2719C13C00A94209 /* TreeSum.m in Sources */ = {isa = PBXBuildFile; fileRef = EE5068DB2719C13C00A94209 /* TreeSum.m */; };
		EE5068E02719C35C00A94209 /* Sort.m in Sources */ = {isa = PBXBuildFile; fileRef = EE5068DF2719C35C00A94209 /* Sort.m */; };
		EE5068E5271A614400A94209 /* MaxArea.m in Sources */ = {isa = PBXBuildFile; fileRef = EE5068E4271A614400A94209 /* MaxArea.m */; };
		EE905C4F2717149100FF9860 /* TwoSum.m in Sources */ = {isa = PBXBuildFile; fileRef = EE905C4E2717149100FF9860 /* TwoSum.m */; };
		EE905C552717152A00FF9860 /* TreeNode.m in Sources */ = {isa = PBXBuildFile; fileRef = EE905C542717152A00FF9860 /* TreeNode.m */; };
		EE905C602717179A00FF9860 /* ListNode.m in Sources */ = {isa = PBXBuildFile; fileRef = EE905C5F2717179A00FF9860 /* ListNode.m */; };
/* End PBXBuildFile section */

/* Begin PBXFileReference section */
		EE0ED39A271A69BF00FE6032 /* Permute.h */ = {isa = PBXFileReference; lastKnownFileType = sourcecode.c.h; path = Permute.h; sourceTree = "<group>"; };
		EE0ED39B271A69BF00FE6032 /* Permute.m */ = {isa = PBXFileReference; lastKnownFileType = sourcecode.c.objc; path = Permute.m; sourceTree = "<group>"; };
		EE0ED39F271AA25200FE6032 /* Canjump.h */ = {isa = PBXFileReference; lastKnownFileType = sourcecode.c.h; path = Canjump.h; sourceTree = "<group>"; };
		EE0ED3A0271AA25200FE6032 /* Canjump.m */ = {isa = PBXFileReference; lastKnownFileType = sourcecode.c.objc; path = Canjump.m; sourceTree = "<group>"; };
		EE271C5026E3513500B384BF /* Algorithm.app */ = {isa = PBXFileReference; explicitFileType = wrapper.application; includeInIndex = 0; path = Algorithm.app; sourceTree = BUILT_PRODUCTS_DIR; };
		EE271C5326E3513500B384BF /* AppDelegate.h */ = {isa = PBXFileReference; lastKnownFileType = sourcecode.c.h; path = AppDelegate.h; sourceTree = "<group>"; };
		EE271C5426E3513500B384BF /* AppDelegate.m */ = {isa = PBXFileReference; lastKnownFileType = sourcecode.c.objc; path = AppDelegate.m; sourceTree = "<group>"; };
		EE271C5626E3513500B384BF /* SceneDelegate.h */ = {isa = PBXFileReference; lastKnownFileType = sourcecode.c.h; path = SceneDelegate.h; sourceTree = "<group>"; };
		EE271C5726E3513500B384BF /* SceneDelegate.m */ = {isa = PBXFileReference; lastKnownFileType = sourcecode.c.objc; path = SceneDelegate.m; sourceTree = "<group>"; };
		EE271C5926E3513500B384BF /* ViewController.h */ = {isa = PBXFileReference; lastKnownFileType = sourcecode.c.h; path = ViewController.h; sourceTree = "<group>"; };
		EE271C5A26E3513500B384BF /* ViewController.m */ = {isa = PBXFileReference; lastKnownFileType = sourcecode.c.objc; path = ViewController.m; sourceTree = "<group>"; };
		EE271C5D26E3513500B384BF /* Base */ = {isa = PBXFileReference; lastKnownFileType = file.storyboard; name = Base; path = Base.lproj/Main.storyboard; sourceTree = "<group>"; };
		EE271C5F26E3513600B384BF /* Assets.xcassets */ = {isa = PBXFileReference; lastKnownFileType = folder.assetcatalog; path = Assets.xcassets; sourceTree = "<group>"; };
		EE271C6226E3513600B384BF /* Base */ = {isa = PBXFileReference; lastKnownFileType = file.storyboard; name = Base; path = Base.lproj/LaunchScreen.storyboard; sourceTree = "<group>"; };
		EE271C6426E3513600B384BF /* Info.plist */ = {isa = PBXFileReference; lastKnownFileType = text.plist.xml; path = Info.plist; sourceTree = "<group>"; };
		EE271C6526E3513600B384BF /* main.m */ = {isa = PBXFileReference; lastKnownFileType = sourcecode.c.objc; path = main.m; sourceTree = "<group>"; };
		EE271C6C26E351D200B384BF /* LRU.h */ = {isa = PBXFileReference; lastKnownFileType = sourcecode.c.h; path = LRU.h; sourceTree = "<group>"; };
		EE271C6D26E351D200B384BF /* LRU.m */ = {isa = PBXFileReference; lastKnownFileType = sourcecode.c.objc; path = LRU.m; sourceTree = "<group>"; };
		EE271C6F26E364AA00B384BF /* List.h */ = {isa = PBXFileReference; lastKnownFileType = sourcecode.c.h; path = List.h; sourceTree = "<group>"; };
		EE271C7026E364AA00B384BF /* List.m */ = {isa = PBXFileReference; lastKnownFileType = sourcecode.c.objc; path = List.m; sourceTree = "<group>"; };
		EE271C7226E492A500B384BF /* Search.h */ = {isa = PBXFileReference; lastKnownFileType = sourcecode.c.h; path = Search.h; sourceTree = "<group>"; };
		EE271C7326E492A500B384BF /* Search.m */ = {isa = PBXFileReference; lastKnownFileType = sourcecode.c.objc; path = Search.m; sourceTree = "<group>"; };
		EE27616526E5ABE200B384BF /* BinaryTree.h */ = {isa = PBXFileReference; lastKnownFileType = sourcecode.c.h; path = BinaryTree.h; sourceTree = "<group>"; };
		EE27616626E5ABE200B384BF /* BinaryTree.m */ = {isa = PBXFileReference; lastKnownFileType = sourcecode.c.objc; path = BinaryTree.m; sourceTree = "<group>"; };
		EE28DAD82717BB2800EEE23E /* RobRoom.h */ = {isa = PBXFileReference; lastKnownFileType = sourcecode.c.h; path = RobRoom.h; sourceTree = "<group>"; };
		EE28DAD92717BB2800EEE23E /* RobRoom.m */ = {isa = PBXFileReference; lastKnownFileType = sourcecode.c.objc; path = RobRoom.m; sourceTree = "<group>"; };
		EE5068C72719AD6B00A94209 /* RemoveNthFromEnd.h */ = {isa = PBXFileReference; lastKnownFileType = sourcecode.c.h; path = RemoveNthFromEnd.h; sourceTree = "<group>"; };
		EE5068C82719AD6B00A94209 /* RemoveNthFromEnd.m */ = {isa = PBXFileReference; lastKnownFileType = sourcecode.c.objc; path = RemoveNthFromEnd.m; sourceTree = "<group>"; };
		EE5068D02719ADCB00A94209 /* Algorithm.h */ = {isa = PBXFileReference; lastKnownFileType = sourcecode.c.h; path = Algorithm.h; sourceTree = "<group>"; };
		EE5068D12719ADCB00A94209 /* Algorithm.m */ = {isa = PBXFileReference; lastKnownFileType = sourcecode.c.objc; path = Algorithm.m; sourceTree = "<group>"; };
		EE5068D62719BA5900A94209 /* SearchRange.h */ = {isa = PBXFileReference; lastKnownFileType = sourcecode.c.h; path = SearchRange.h; sourceTree = "<group>"; };
		EE5068D72719BA5900A94209 /* SearchRange.m */ = {isa = PBXFileReference; lastKnownFileType = sourcecode.c.objc; path = SearchRange.m; sourceTree = "<group>"; };
		EE5068DA2719C13C00A94209 /* TreeSum.h */ = {isa = PBXFileReference; lastKnownFileType = sourcecode.c.h; path = TreeSum.h; sourceTree = "<group>"; };
		EE5068DB2719C13C00A94209 /* TreeSum.m */ = {isa = PBXFileReference; lastKnownFileType = sourcecode.c.objc; path = TreeSum.m; sourceTree = "<group>"; };
		EE5068DE2719C35C00A94209 /* Sort.h */ = {isa = PBXFileReference; lastKnownFileType = sourcecode.c.h; path = Sort.h; sourceTree = "<group>"; };
		EE5068DF2719C35C00A94209 /* Sort.m */ = {isa = PBXFileReference; lastKnownFileType = sourcecode.c.objc; path = Sort.m; sourceTree = "<group>"; };
		EE5068E3271A614400A94209 /* MaxArea.h */ = {isa = PBXFileReference; lastKnownFileType = sourcecode.c.h; path = MaxArea.h; sourceTree = "<group>"; };
		EE5068E4271A614400A94209 /* MaxArea.m */ = {isa = PBXFileReference; lastKnownFileType = sourcecode.c.objc; path = MaxArea.m; sourceTree = "<group>"; };
		EE905C4D2717149100FF9860 /* TwoSum.h */ = {isa = PBXFileReference; lastKnownFileType = sourcecode.c.h; path = TwoSum.h; sourceTree = "<group>"; };
		EE905C4E2717149100FF9860 /* TwoSum.m */ = {isa = PBXFileReference; lastKnownFileType = sourcecode.c.objc; path = TwoSum.m; sourceTree = "<group>"; };
		EE905C52271714F400FF9860 /* BaseDataStruct.pch */ = {isa = PBXFileReference; lastKnownFileType = sourcecode.c.h; path = BaseDataStruct.pch; sourceTree = "<group>"; };
		EE905C532717152A00FF9860 /* TreeNode.h */ = {isa = PBXFileReference; lastKnownFileType = sourcecode.c.h; path = TreeNode.h; sourceTree = "<group>"; };
		EE905C542717152A00FF9860 /* TreeNode.m */ = {isa = PBXFileReference; lastKnownFileType = sourcecode.c.objc; path = TreeNode.m; sourceTree = "<group>"; };
		EE905C5C2717169200FF9860 /* AlgorithmProtocol.h */ = {isa = PBXFileReference; lastKnownFileType = sourcecode.c.h; path = AlgorithmProtocol.h; sourceTree = "<group>"; };
		EE905C5E2717179A00FF9860 /* ListNode.h */ = {isa = PBXFileReference; lastKnownFileType = sourcecode.c.h; path = ListNode.h; sourceTree = "<group>"; };
		EE905C5F2717179A00FF9860 /* ListNode.m */ = {isa = PBXFileReference; lastKnownFileType = sourcecode.c.objc; path = ListNode.m; sourceTree = "<group>"; };
/* End PBXFileReference section */

/* Begin PBXFrameworksBuildPhase section */
		EE271C4D26E3513500B384BF /* Frameworks */ = {
			isa = PBXFrameworksBuildPhase;
			buildActionMask = 2147483647;
			files = (
			);
			runOnlyForDeploymentPostprocessing = 0;
		};
/* End PBXFrameworksBuildPhase section */

/* Begin PBXGroup section */
		EE271C4726E3513500B384BF = {
			isa = PBXGroup;
			children = (
				EE271C5226E3513500B384BF /* Algorithm */,
				EE271C5126E3513500B384BF /* Products */,
			);
			sourceTree = "<group>";
		};
		EE271C5126E3513500B384BF /* Products */ = {
			isa = PBXGroup;
			children = (
				EE271C5026E3513500B384BF /* Algorithm.app */,
			);
			name = Products;
			sourceTree = "<group>";
		};
		EE271C5226E3513500B384BF /* Algorithm */ = {
			isa = PBXGroup;
			children = (
				EE905C4B2717144500FF9860 /* core */,
				EE905C452717120500FF9860 /* ignore */,
				EE271C5A26E3513500B384BF /* ViewController.m */,
				EE5068DE2719C35C00A94209 /* Sort.h */,
				EE5068DF2719C35C00A94209 /* Sort.m */,
				EE271C6426E3513600B384BF /* Info.plist */,
			);
			path = Algorithm;
			sourceTree = "<group>";
		};
		EE905C452717120500FF9860 /* ignore */ = {
			isa = PBXGroup;
			children = (
				EE271C6526E3513600B384BF /* main.m */,
				EE271C5C26E3513500B384BF /* Main.storyboard */,
				EE271C5F26E3513600B384BF /* Assets.xcassets */,
				EE271C6126E3513600B384BF /* LaunchScreen.storyboard */,
				EE271C5326E3513500B384BF /* AppDelegate.h */,
				EE271C5426E3513500B384BF /* AppDelegate.m */,
				EE271C5626E3513500B384BF /* SceneDelegate.h */,
				EE271C5726E3513500B384BF /* SceneDelegate.m */,
				EE271C5926E3513500B384BF /* ViewController.h */,
				EE905C52271714F400FF9860 /* BaseDataStruct.pch */,
			);
			path = ignore;
			sourceTree = "<group>";
		};
		EE905C4B2717144500FF9860 /* core */ = {
			isa = PBXGroup;
			children = (
				EE0ED39F271AA25200FE6032 /* Canjump.h */,
				EE0ED3A0271AA25200FE6032 /* Canjump.m */,
				EE0ED39A271A69BF00FE6032 /* Permute.h */,
				EE0ED39B271A69BF00FE6032 /* Permute.m */,
				EE5068E3271A614400A94209 /* MaxArea.h */,
				EE5068E4271A614400A94209 /* MaxArea.m */,
				EE5068DA2719C13C00A94209 /* TreeSum.h */,
				EE5068DB2719C13C00A94209 /* TreeSum.m */,
				EE905C4D2717149100FF9860 /* TwoSum.h */,
				EE905C4E2717149100FF9860 /* TwoSum.m */,
				EE271C6C26E351D200B384BF /* LRU.h */,
				EE271C6D26E351D200B384BF /* LRU.m */,
				EE271C6F26E364AA00B384BF /* List.h */,
				EE271C7026E364AA00B384BF /* List.m */,
				EE271C7226E492A500B384BF /* Search.h */,
				EE271C7326E492A500B384BF /* Search.m */,
				EE27616526E5ABE200B384BF /* BinaryTree.h */,
				EE27616626E5ABE200B384BF /* BinaryTree.m */,
				EE905C532717152A00FF9860 /* TreeNode.h */,
				EE905C542717152A00FF9860 /* TreeNode.m */,
				EE905C5C2717169200FF9860 /* AlgorithmProtocol.h */,
				EE905C5E2717179A00FF9860 /* ListNode.h */,
				EE905C5F2717179A00FF9860 /* ListNode.m */,
				EE28DAD82717BB2800EEE23E /* RobRoom.h */,
				EE28DAD92717BB2800EEE23E /* RobRoom.m */,
				EE5068C72719AD6B00A94209 /* RemoveNthFromEnd.h */,
				EE5068C82719AD6B00A94209 /* RemoveNthFromEnd.m */,
				EE5068D02719ADCB00A94209 /* Algorithm.h */,
				EE5068D12719ADCB00A94209 /* Algorithm.m */,
				EE5068D62719BA5900A94209 /* SearchRange.h */,
				EE5068D72719BA5900A94209 /* SearchRange.m */,
			);
			path = core;
			sourceTree = "<group>";
		};
/* End PBXGroup section */

/* Begin PBXNativeTarget section */
		EE271C4F26E3513500B384BF /* Algorithm */ = {
			isa = PBXNativeTarget;
			buildConfigurationList = EE271C6926E3513600B384BF /* Build configuration list for PBXNativeTarget "Algorithm" */;
			buildPhases = (
				EE271C4C26E3513500B384BF /* Sources */,
				EE271C4D26E3513500B384BF /* Frameworks */,
				EE271C4E26E3513500B384BF /* Resources */,
			);
			buildRules = (
			);
			dependencies = (
			);
			name = Algorithm;
			productName = Algorithm;
			productReference = EE271C5026E3513500B384BF /* Algorithm.app */;
			productType = "com.apple.product-type.application";
		};
/* End PBXNativeTarget section */

/* Begin PBXProject section */
		EE271C4826E3513500B384BF /* Project object */ = {
			isa = PBXProject;
			attributes = {
				LastUpgradeCheck = 1250;
				TargetAttributes = {
					EE271C4F26E3513500B384BF = {
						CreatedOnToolsVersion = 12.5;
					};
				};
			};
			buildConfigurationList = EE271C4B26E3513500B384BF /* Build configuration list for PBXProject "Algorithm" */;
			compatibilityVersion = "Xcode 9.3";
			developmentRegion = en;
			hasScannedForEncodings = 0;
			knownRegions = (
				en,
				Base,
			);
			mainGroup = EE271C4726E3513500B384BF;
			productRefGroup = EE271C5126E3513500B384BF /* Products */;
			projectDirPath = "";
			projectRoot = "";
			targets = (
				EE271C4F26E3513500B384BF /* Algorithm */,
			);
		};
/* End PBXProject section */

/* Begin PBXResourcesBuildPhase section */
		EE271C4E26E3513500B384BF /* Resources */ = {
			isa = PBXResourcesBuildPhase;
			buildActionMask = 2147483647;
			files = (
				EE271C6326E3513600B384BF /* LaunchScreen.storyboard in Resources */,
				EE271C6026E3513600B384BF /* Assets.xcassets in Resources */,
				EE271C5E26E3513500B384BF /* Main.storyboard in Resources */,
			);
			runOnlyForDeploymentPostprocessing = 0;
		};
/* End PBXResourcesBuildPhase section */

/* Begin PBXSourcesBuildPhase section */
		EE271C4C26E3513500B384BF /* Sources */ = {
			isa = PBXSourcesBuildPhase;
			buildActionMask = 2147483647;
			files = (
				EE271C5B26E3513500B384BF /* ViewController.m in Sources */,
				EE5068E02719C35C00A94209 /* Sort.m in Sources */,
				EE0ED39C271A69BF00FE6032 /* Permute.m in Sources */,
				EE271C5526E3513500B384BF /* AppDelegate.m in Sources */,
				EE5068D82719BA5900A94209 /* SearchRange.m in Sources */,
				EE271C6626E3513600B384BF /* main.m in Sources */,
				EE271C7126E364AA00B384BF /* List.m in Sources */,
				EE28DADA2717BB2800EEE23E /* RobRoom.m in Sources */,
				EE5068E5271A614400A94209 /* MaxArea.m in Sources */,
				EE905C4F2717149100FF9860 /* TwoSum.m in Sources */,
				EE0ED3A1271AA25200FE6032 /* Canjump.m in Sources */,
				EE905C602717179A00FF9860 /* ListNode.m in Sources */,
				EE905C552717152A00FF9860 /* TreeNode.m in Sources */,
				EE5068DC2719C13C00A94209 /* TreeSum.m in Sources */,
				EE27616726E5ABE200B384BF /* BinaryTree.m in Sources */,
				EE271C5826E3513500B384BF /* SceneDelegate.m in Sources */,
				EE5068D22719ADCB00A94209 /* Algorithm.m in Sources */,
				EE5068C92719AD6B00A94209 /* RemoveNthFromEnd.m in Sources */,
				EE271C6E26E351D200B384BF /* LRU.m in Sources */,
				EE271C7426E492A500B384BF /* Search.m in Sources */,
			);
			runOnlyForDeploymentPostprocessing = 0;
		};
/* End PBXSourcesBuildPhase section */

/* Begin PBXVariantGroup section */
		EE271C5C26E3513500B384BF /* Main.storyboard */ = {
			isa = PBXVariantGroup;
			children = (
				EE271C5D26E3513500B384BF /* Base */,
			);
			name = Main.storyboard;
			sourceTree = "<group>";
		};
		EE271C6126E3513600B384BF /* LaunchScreen.storyboard */ = {
			isa = PBXVariantGroup;
			children = (
				EE271C6226E3513600B384BF /* Base */,
			);
			name = LaunchScreen.storyboard;
			sourceTree = "<group>";
		};
/* End PBXVariantGroup section */

/* Begin XCBuildConfiguration section */
		EE271C6726E3513600B384BF /* Debug */ = {
			isa = XCBuildConfiguration;
			buildSettings = {
				ALWAYS_SEARCH_USER_PATHS = NO;
				CLANG_ANALYZER_NONNULL = YES;
				CLANG_ANALYZER_NUMBER_OBJECT_CONVERSION = YES_AGGRESSIVE;
				CLANG_CXX_LANGUAGE_STANDARD = "gnu++14";
				CLANG_CXX_LIBRARY = "libc++";
				CLANG_ENABLE_MODULES = YES;
				CLANG_ENABLE_OBJC_ARC = YES;
				CLANG_ENABLE_OBJC_WEAK = YES;
				CLANG_WARN_BLOCK_CAPTURE_AUTORELEASING = YES;
				CLANG_WARN_BOOL_CONVERSION = YES;
				CLANG_WARN_COMMA = YES;
				CLANG_WARN_CONSTANT_CONVERSION = YES;
				CLANG_WARN_DEPRECATED_OBJC_IMPLEMENTATIONS = YES;
				CLANG_WARN_DIRECT_OBJC_ISA_USAGE = YES_ERROR;
				CLANG_WARN_DOCUMENTATION_COMMENTS = YES;
				CLANG_WARN_EMPTY_BODY = YES;
				CLANG_WARN_ENUM_CONVERSION = YES;
				CLANG_WARN_INFINITE_RECURSION = YES;
				CLANG_WARN_INT_CONVERSION = YES;
				CLANG_WARN_NON_LITERAL_NULL_CONVERSION = YES;
				CLANG_WARN_OBJC_IMPLICIT_RETAIN_SELF = YES;
				CLANG_WARN_OBJC_LITERAL_CONVERSION = YES;
				CLANG_WARN_OBJC_ROOT_CLASS = YES_ERROR;
				CLANG_WARN_QUOTED_INCLUDE_IN_FRAMEWORK_HEADER = YES;
				CLANG_WARN_RANGE_LOOP_ANALYSIS = YES;
				CLANG_WARN_STRICT_PROTOTYPES = YES;
				CLANG_WARN_SUSPICIOUS_MOVE = YES;
				CLANG_WARN_UNGUARDED_AVAILABILITY = YES_AGGRESSIVE;
				CLANG_WARN_UNREACHABLE_CODE = YES;
				CLANG_WARN__DUPLICATE_METHOD_MATCH = YES;
				COPY_PHASE_STRIP = NO;
				DEBUG_INFORMATION_FORMAT = dwarf;
				ENABLE_STRICT_OBJC_MSGSEND = YES;
				ENABLE_TESTABILITY = YES;
				GCC_C_LANGUAGE_STANDARD = gnu11;
				GCC_DYNAMIC_NO_PIC = NO;
				GCC_NO_COMMON_BLOCKS = YES;
				GCC_OPTIMIZATION_LEVEL = 0;
				GCC_PREPROCESSOR_DEFINITIONS = (
					"DEBUG=1",
					"$(inherited)",
				);
				GCC_WARN_64_TO_32_BIT_CONVERSION = YES;
				GCC_WARN_ABOUT_RETURN_TYPE = YES_ERROR;
				GCC_WARN_UNDECLARED_SELECTOR = YES;
				GCC_WARN_UNINITIALIZED_AUTOS = YES_AGGRESSIVE;
				GCC_WARN_UNUSED_FUNCTION = YES;
				GCC_WARN_UNUSED_VARIABLE = YES;
				IPHONEOS_DEPLOYMENT_TARGET = 14.5;
				MTL_ENABLE_DEBUG_INFO = INCLUDE_SOURCE;
				MTL_FAST_MATH = YES;
				ONLY_ACTIVE_ARCH = YES;
				SDKROOT = iphoneos;
			};
			name = Debug;
		};
		EE271C6826E3513600B384BF /* Release */ = {
			isa = XCBuildConfiguration;
			buildSettings = {
				ALWAYS_SEARCH_USER_PATHS = NO;
				CLANG_ANALYZER_NONNULL = YES;
				CLANG_ANALYZER_NUMBER_OBJECT_CONVERSION = YES_AGGRESSIVE;
				CLANG_CXX_LANGUAGE_STANDARD = "gnu++14";
				CLANG_CXX_LIBRARY = "libc++";
				CLANG_ENABLE_MODULES = YES;
				CLANG_ENABLE_OBJC_ARC = YES;
				CLANG_ENABLE_OBJC_WEAK = YES;
				CLANG_WARN_BLOCK_CAPTURE_AUTORELEASING = YES;
				CLANG_WARN_BOOL_CONVERSION = YES;
				CLANG_WARN_COMMA = YES;
				CLANG_WARN_CONSTANT_CONVERSION = YES;
				CLANG_WARN_DEPRECATED_OBJC_IMPLEMENTATIONS = YES;
				CLANG_WARN_DIRECT_OBJC_ISA_USAGE = YES_ERROR;
				CLANG_WARN_DOCUMENTATION_COMMENTS = YES;
				CLANG_WARN_EMPTY_BODY = YES;
				CLANG_WARN_ENUM_CONVERSION = YES;
				CLANG_WARN_INFINITE_RECURSION = YES;
				CLANG_WARN_INT_CONVERSION = YES;
				CLANG_WARN_NON_LITERAL_NULL_CONVERSION = YES;
				CLANG_WARN_OBJC_IMPLICIT_RETAIN_SELF = YES;
				CLANG_WARN_OBJC_LITERAL_CONVERSION = YES;
				CLANG_WARN_OBJC_ROOT_CLASS = YES_ERROR;
				CLANG_WARN_QUOTED_INCLUDE_IN_FRAMEWORK_HEADER = YES;
				CLANG_WARN_RANGE_LOOP_ANALYSIS = YES;
				CLANG_WARN_STRICT_PROTOTYPES = YES;
				CLANG_WARN_SUSPICIOUS_MOVE = YES;
				CLANG_WARN_UNGUARDED_AVAILABILITY = YES_AGGRESSIVE;
				CLANG_WARN_UNREACHABLE_CODE = YES;
				CLANG_WARN__DUPLICATE_METHOD_MATCH = YES;
				COPY_PHASE_STRIP = NO;
				DEBUG_INFORMATION_FORMAT = "dwarf-with-dsym";
				ENABLE_NS_ASSERTIONS = NO;
				ENABLE_STRICT_OBJC_MSGSEND = YES;
				GCC_C_LANGUAGE_STANDARD = gnu11;
				GCC_NO_COMMON_BLOCKS = YES;
				GCC_WARN_64_TO_32_BIT_CONVERSION = YES;
				GCC_WARN_ABOUT_RETURN_TYPE = YES_ERROR;
				GCC_WARN_UNDECLARED_SELECTOR = YES;
				GCC_WARN_UNINITIALIZED_AUTOS = YES_AGGRESSIVE;
				GCC_WARN_UNUSED_FUNCTION = YES;
				GCC_WARN_UNUSED_VARIABLE = YES;
				IPHONEOS_DEPLOYMENT_TARGET = 14.5;
				MTL_ENABLE_DEBUG_INFO = NO;
				MTL_FAST_MATH = YES;
				SDKROOT = iphoneos;
				VALIDATE_PRODUCT = YES;
			};
			name = Release;
		};
		EE271C6A26E3513600B384BF /* Debug */ = {
			isa = XCBuildConfiguration;
			buildSettings = {
				ASSETCATALOG_COMPILER_APPICON_NAME = AppIcon;
				ASSETCATALOG_COMPILER_GLOBAL_ACCENT_COLOR_NAME = AccentColor;
				CODE_SIGN_IDENTITY = "Apple Development";
				CODE_SIGN_STYLE = Automatic;
				DEVELOPMENT_TEAM = LKCW77FR7A;
				GCC_INCREASE_PRECOMPILED_HEADER_SHARING = YES;
				GCC_PRECOMPILE_PREFIX_HEADER = YES;
				GCC_PREFIX_HEADER = Algorithm/ignore/BaseDataStruct.pch;
				INFOPLIST_FILE = Algorithm/Info.plist;
				IPHONEOS_DEPLOYMENT_TARGET = 13.0;
				LD_RUNPATH_SEARCH_PATHS = (
					"$(inherited)",
					"@executable_path/Frameworks",
				);
				PRODUCT_BUNDLE_IDENTIFIER = com.warmap.Algorithm1;
				PRODUCT_NAME = "$(TARGET_NAME)";
				PROVISIONING_PROFILE_SPECIFIER = "";
				TARGETED_DEVICE_FAMILY = "1,2";
			};
			name = Debug;
		};
		EE271C6B26E3513600B384BF /* Release */ = {
			isa = XCBuildConfiguration;
			buildSettings = {
				ASSETCATALOG_COMPILER_APPICON_NAME = AppIcon;
				ASSETCATALOG_COMPILER_GLOBAL_ACCENT_COLOR_NAME = AccentColor;
				CODE_SIGN_IDENTITY = "Apple Development";
				CODE_SIGN_STYLE = Automatic;
				DEVELOPMENT_TEAM = 776Q4HVMDN;
				GCC_INCREASE_PRECOMPILED_HEADER_SHARING = YES;
				GCC_PRECOMPILE_PREFIX_HEADER = YES;
				GCC_PREFIX_HEADER = Algorithm/ignore/BaseDataStruct.pch;
				INFOPLIST_FILE = Algorithm/Info.plist;
				IPHONEOS_DEPLOYMENT_TARGET = 13.0;
				LD_RUNPATH_SEARCH_PATHS = (
					"$(inherited)",
					"@executable_path/Frameworks",
				);
				PRODUCT_BUNDLE_IDENTIFIER = com.warmap.Algorithm1;
				PRODUCT_NAME = "$(TARGET_NAME)";
				PROVISIONING_PROFILE_SPECIFIER = "";
				TARGETED_DEVICE_FAMILY = "1,2";
			};
			name = Release;
		};
/* End XCBuildConfiguration section */

/* Begin XCConfigurationList section */
		EE271C4B26E3513500B384BF /* Build configuration list for PBXProject "Algorithm" */ = {
			isa = XCConfigurationList;
			buildConfigurations = (
				EE271C6726E3513600B384BF /* Debug */,
				EE271C6826E3513600B384BF /* Release */,
			);
			defaultConfigurationIsVisible = 0;
			defaultConfigurationName = Release;
		};
		EE271C6926E3513600B384BF /* Build configuration list for PBXNativeTarget "Algorithm" */ = {
			isa = XCConfigurationList;
			buildConfigurations = (
				EE271C6A26E3513600B384BF /* Debug */,
				EE271C6B26E3513600B384BF /* Release */,
			);
			defaultConfigurationIsVisible = 0;
			defaultConfigurationName = Release;
		};
/* End XCConfigurationList section */
	};
	rootObject = EE271C4826E3513500B384BF /* Project object */;
}
